// !$*UTF8*$!
{
	archiveVersion = 1;
	classes = {
	};
	objectVersion = 56;
	objects = {

/* Begin PBXBuildFile section */
		A9015EF82B66C8B5007CF96D /* ArtistTopTracks.swift in Sources */ = {isa = PBXBuildFile; fileRef = A9015EF72B66C8B5007CF96D /* ArtistTopTracks.swift */; };
		A9015EFA2B66CA30007CF96D /* ArtistEndpoint.swift in Sources */ = {isa = PBXBuildFile; fileRef = A9015EF92B66CA30007CF96D /* ArtistEndpoint.swift */; };
		A9015EFC2B66CE32007CF96D /* RelatedArtists.swift in Sources */ = {isa = PBXBuildFile; fileRef = A9015EFB2B66CE32007CF96D /* RelatedArtists.swift */; };
		A93A979B2B686D090097656E /* TopContentListView.swift in Sources */ = {isa = PBXBuildFile; fileRef = A93A979A2B686D090097656E /* TopContentListView.swift */; };
		A93A979D2B686FE70097656E /* GetTopContentViewModel.swift in Sources */ = {isa = PBXBuildFile; fileRef = A93A979C2B686FE70097656E /* GetTopContentViewModel.swift */; };
		A93A97A02B694BA90097656E /* ShareContentView.swift in Sources */ = {isa = PBXBuildFile; fileRef = A93A979F2B694BA90097656E /* ShareContentView.swift */; };
		A93A97A22B696ED20097656E /* CodableIgnored.swift in Sources */ = {isa = PBXBuildFile; fileRef = A93A97A12B696ED20097656E /* CodableIgnored.swift */; };
		A98338302B6073A40087EA99 /* SnackBarErrorView.swift in Sources */ = {isa = PBXBuildFile; fileRef = A983382F2B6073A40087EA99 /* SnackBarErrorView.swift */; };
		A98338322B6073EB0087EA99 /* UIAplication+getKeyWindow.swift in Sources */ = {isa = PBXBuildFile; fileRef = A98338312B6073EB0087EA99 /* UIAplication+getKeyWindow.swift */; };
		A98338352B62E2B90087EA99 /* ArtistAlbuns.swift in Sources */ = {isa = PBXBuildFile; fileRef = A98338342B62E2B90087EA99 /* ArtistAlbuns.swift */; };
		A983383B2B62E5810087EA99 /* ArtistsDataService.swift in Sources */ = {isa = PBXBuildFile; fileRef = A983383A2B62E5810087EA99 /* ArtistsDataService.swift */; };
		A9835ED62B5DEA5F00F18F20 /* UserStateViewModel.swift in Sources */ = {isa = PBXBuildFile; fileRef = A9835ED52B5DEA5F00F18F20 /* UserStateViewModel.swift */; };
		A9835EDC2B5E3B5700F18F20 /* SkeletonView.swift in Sources */ = {isa = PBXBuildFile; fileRef = A9835EDB2B5E3B5700F18F20 /* SkeletonView.swift */; };
		A9835EDF2B5E3BBA00F18F20 /* RedectedAnimation.swift in Sources */ = {isa = PBXBuildFile; fileRef = A9835EDE2B5E3BBA00F18F20 /* RedectedAnimation.swift */; };
		A99279252B55F52100D20E48 /* Endpoint.swift in Sources */ = {isa = PBXBuildFile; fileRef = A99279242B55F52100D20E48 /* Endpoint.swift */; };
		A99279272B55F6CB00D20E48 /* RequestMethod.swift in Sources */ = {isa = PBXBuildFile; fileRef = A99279262B55F6CB00D20E48 /* RequestMethod.swift */; };
		A99279292B55F75B00D20E48 /* HTTPClient.swift in Sources */ = {isa = PBXBuildFile; fileRef = A99279282B55F75B00D20E48 /* HTTPClient.swift */; };
		A992792B2B55F7AE00D20E48 /* RequestError.swift in Sources */ = {isa = PBXBuildFile; fileRef = A992792A2B55F7AE00D20E48 /* RequestError.swift */; };
		A992792E2B574EAB00D20E48 /* TokenEndpoint.swift in Sources */ = {isa = PBXBuildFile; fileRef = A992792D2B574EAB00D20E48 /* TokenEndpoint.swift */; };
		A99279302B57538300D20E48 /* AuthorizeUserEndpoint.swift in Sources */ = {isa = PBXBuildFile; fileRef = A992792F2B57538300D20E48 /* AuthorizeUserEndpoint.swift */; };
		A99279322B57BE6400D20E48 /* SpotifyBaseURL.swift in Sources */ = {isa = PBXBuildFile; fileRef = A99279312B57BE6400D20E48 /* SpotifyBaseURL.swift */; };
		A99279342B57C0CD00D20E48 /* SpotifyConstants.swift in Sources */ = {isa = PBXBuildFile; fileRef = A99279332B57C0CD00D20E48 /* SpotifyConstants.swift */; };
		A99279392B57C5CB00D20E48 /* GetCode.swift in Sources */ = {isa = PBXBuildFile; fileRef = A99279382B57C5CB00D20E48 /* GetCode.swift */; };
		A992793C2B5939B600D20E48 /* AuthenticationService.swift in Sources */ = {isa = PBXBuildFile; fileRef = A992793B2B5939B600D20E48 /* AuthenticationService.swift */; };
		A992793F2B5939E700D20E48 /* AccessTokenResponse.swift in Sources */ = {isa = PBXBuildFile; fileRef = A992793E2B5939E700D20E48 /* AccessTokenResponse.swift */; };
		A99279442B5A7EB800D20E48 /* KeychainHelper.swift in Sources */ = {isa = PBXBuildFile; fileRef = A99279432B5A7EB800D20E48 /* KeychainHelper.swift */; };
		A99279472B5A7F6C00D20E48 /* SpotifyAuthenticationManager.swift in Sources */ = {isa = PBXBuildFile; fileRef = A99279462B5A7F6C00D20E48 /* SpotifyAuthenticationManager.swift */; };
		A99279492B5C78E100D20E48 /* RefreshTokenEndpoint.swift in Sources */ = {isa = PBXBuildFile; fileRef = A99279482B5C78E100D20E48 /* RefreshTokenEndpoint.swift */; };
		A996B4922B65A1C700B1D690 /* ShareItemView.swift in Sources */ = {isa = PBXBuildFile; fileRef = A996B4912B65A1C700B1D690 /* ShareItemView.swift */; };
		A9A4F6DA2B72E5D100A7A16A /* UserPlaylist.swift in Sources */ = {isa = PBXBuildFile; fileRef = A9A4F6D92B72E5D100A7A16A /* UserPlaylist.swift */; };
		A9A4F6DC2B72E8CB00A7A16A /* PlaylistsViewModel.swift in Sources */ = {isa = PBXBuildFile; fileRef = A9A4F6DB2B72E8CB00A7A16A /* PlaylistsViewModel.swift */; };
		A9A4F6DE2B74473C00A7A16A /* TrackDetailViewModel.swift in Sources */ = {isa = PBXBuildFile; fileRef = A9A4F6DD2B74473C00A7A16A /* TrackDetailViewModel.swift */; };
		A9E574F52B700AC600E84A5E /* User.swift in Sources */ = {isa = PBXBuildFile; fileRef = A9E574F42B700AC600E84A5E /* User.swift */; };
		A9E574F82B700B4000E84A5E /* UserEndpoint.swift in Sources */ = {isa = PBXBuildFile; fileRef = A9E574F72B700B4000E84A5E /* UserEndpoint.swift */; };
		A9E574FB2B700C3200E84A5E /* UserService.swift in Sources */ = {isa = PBXBuildFile; fileRef = A9E574FA2B700C3200E84A5E /* UserService.swift */; };
		A9E574FD2B700F4400E84A5E /* UserProfileViewModel.swift in Sources */ = {isa = PBXBuildFile; fileRef = A9E574FC2B700F4400E84A5E /* UserProfileViewModel.swift */; };
		A9E574FF2B701E8800E84A5E /* UserCurrentPlaying.swift in Sources */ = {isa = PBXBuildFile; fileRef = A9E574FE2B701E8800E84A5E /* UserCurrentPlaying.swift */; };
		A9E575012B701E9900E84A5E /* Device.swift in Sources */ = {isa = PBXBuildFile; fileRef = A9E575002B701E9900E84A5E /* Device.swift */; };
		A9EAB0422B65737A006A92A8 /* ArtistDetailViewModel.swift in Sources */ = {isa = PBXBuildFile; fileRef = A9EAB0412B65737A006A92A8 /* ArtistDetailViewModel.swift */; };
		A9EB11872B5CE5C00052DCCA /* GetTopEndpoint.swift in Sources */ = {isa = PBXBuildFile; fileRef = A9EB11862B5CE5C00052DCCA /* GetTopEndpoint.swift */; };
		A9EB11892B5CEC9A0052DCCA /* GetTopService.swift in Sources */ = {isa = PBXBuildFile; fileRef = A9EB11882B5CEC9A0052DCCA /* GetTopService.swift */; };
		A9EB118B2B5CFEEB0052DCCA /* ArtistListRow.swift in Sources */ = {isa = PBXBuildFile; fileRef = A9EB118A2B5CFEEB0052DCCA /* ArtistListRow.swift */; };
		A9EB118D2B5D08550052DCCA /* TopArtistDetail.swift in Sources */ = {isa = PBXBuildFile; fileRef = A9EB118C2B5D08550052DCCA /* TopArtistDetail.swift */; };
		A9EC7E172B6C59C600FCAEDA /* LoginViewModel.swift in Sources */ = {isa = PBXBuildFile; fileRef = A9EC7E162B6C59C600FCAEDA /* LoginViewModel.swift */; };
		C570BE552B2DB97A006E7536 /* MusicItemRow.swift in Sources */ = {isa = PBXBuildFile; fileRef = C570BE542B2DB97A006E7536 /* MusicItemRow.swift */; };
		C570BE5F2B2E4C13006E7536 /* GetTopResponse.swift in Sources */ = {isa = PBXBuildFile; fileRef = C570BE5E2B2E4C13006E7536 /* GetTopResponse.swift */; };
		C570BE612B2E4C24006E7536 /* Track.swift in Sources */ = {isa = PBXBuildFile; fileRef = C570BE602B2E4C24006E7536 /* Track.swift */; };
		C570BE632B2E4C57006E7536 /* APIImage.swift in Sources */ = {isa = PBXBuildFile; fileRef = C570BE622B2E4C57006E7536 /* APIImage.swift */; };
		C570BE652B2E4CD8006E7536 /* Album.swift in Sources */ = {isa = PBXBuildFile; fileRef = C570BE642B2E4CD8006E7536 /* Album.swift */; };
		C570BE672B2E4CE7006E7536 /* Artist.swift in Sources */ = {isa = PBXBuildFile; fileRef = C570BE662B2E4CE7006E7536 /* Artist.swift */; };
		C570BE692B2E4D9D006E7536 /* Followers.swift in Sources */ = {isa = PBXBuildFile; fileRef = C570BE682B2E4D9D006E7536 /* Followers.swift */; };
		C570BE6B2B2E4DD2006E7536 /* ExternalURLs.swift in Sources */ = {isa = PBXBuildFile; fileRef = C570BE6A2B2E4DD2006E7536 /* ExternalURLs.swift */; };
		C570BE6D2B2E4DE8006E7536 /* ArtistType.swift in Sources */ = {isa = PBXBuildFile; fileRef = C570BE6C2B2E4DE8006E7536 /* ArtistType.swift */; };
		C570BE6F2B2E4DFA006E7536 /* ExternalIds.swift in Sources */ = {isa = PBXBuildFile; fileRef = C570BE6E2B2E4DFA006E7536 /* ExternalIds.swift */; };
		C570BE712B2E4E08006E7536 /* ItemType.swift in Sources */ = {isa = PBXBuildFile; fileRef = C570BE702B2E4E08006E7536 /* ItemType.swift */; };
		C570BE732B2E52D6006E7536 /* TrackNavigationType.swift in Sources */ = {isa = PBXBuildFile; fileRef = C570BE722B2E52D6006E7536 /* TrackNavigationType.swift */; };
		C570BE752B2E54B3006E7536 /* TopMusicDetail.swift in Sources */ = {isa = PBXBuildFile; fileRef = C570BE742B2E54B3006E7536 /* TopMusicDetail.swift */; };
		C570BE772B2E56BF006E7536 /* AsyncImageContainer.swift in Sources */ = {isa = PBXBuildFile; fileRef = C570BE762B2E56BF006E7536 /* AsyncImageContainer.swift */; };
		C5774B732B27E9D20089DA4A /* MusisticApp.swift in Sources */ = {isa = PBXBuildFile; fileRef = C5774B722B27E9D20089DA4A /* MusisticApp.swift */; };
		C5774B752B27E9D20089DA4A /* MainView.swift in Sources */ = {isa = PBXBuildFile; fileRef = C5774B742B27E9D20089DA4A /* MainView.swift */; };
		C5774B772B27E9D30089DA4A /* Assets.xcassets in Resources */ = {isa = PBXBuildFile; fileRef = C5774B762B27E9D30089DA4A /* Assets.xcassets */; };
		C5774B7A2B27E9D30089DA4A /* Preview Assets.xcassets in Resources */ = {isa = PBXBuildFile; fileRef = C5774B792B27E9D30089DA4A /* Preview Assets.xcassets */; };
		C5774B832B28AAF40089DA4A /* MusicsListView.swift in Sources */ = {isa = PBXBuildFile; fileRef = C5774B822B28AAF40089DA4A /* MusicsListView.swift */; };
		C5774B852B28AB420089DA4A /* ArtistsListView.swift in Sources */ = {isa = PBXBuildFile; fileRef = C5774B842B28AB420089DA4A /* ArtistsListView.swift */; };
		C5774B872B28AC0D0089DA4A /* ProfileView.swift in Sources */ = {isa = PBXBuildFile; fileRef = C5774B862B28AC0D0089DA4A /* ProfileView.swift */; };
		C5774B892B28B75F0089DA4A /* MyPlaylistsView.swift in Sources */ = {isa = PBXBuildFile; fileRef = C5774B882B28B75F0089DA4A /* MyPlaylistsView.swift */; };
		C5774B8E2B2937D70089DA4A /* LogInView.swift in Sources */ = {isa = PBXBuildFile; fileRef = C5774B8D2B2937D70089DA4A /* LogInView.swift */; };
/* End PBXBuildFile section */

/* Begin PBXFileReference section */
		A9015EF72B66C8B5007CF96D /* ArtistTopTracks.swift */ = {isa = PBXFileReference; lastKnownFileType = sourcecode.swift; path = ArtistTopTracks.swift; sourceTree = "<group>"; };
		A9015EF92B66CA30007CF96D /* ArtistEndpoint.swift */ = {isa = PBXFileReference; lastKnownFileType = sourcecode.swift; path = ArtistEndpoint.swift; sourceTree = "<group>"; };
		A9015EFB2B66CE32007CF96D /* RelatedArtists.swift */ = {isa = PBXFileReference; lastKnownFileType = sourcecode.swift; path = RelatedArtists.swift; sourceTree = "<group>"; };
		A93A979A2B686D090097656E /* TopContentListView.swift */ = {isa = PBXFileReference; lastKnownFileType = sourcecode.swift; path = TopContentListView.swift; sourceTree = "<group>"; };
		A93A979C2B686FE70097656E /* GetTopContentViewModel.swift */ = {isa = PBXFileReference; lastKnownFileType = sourcecode.swift; path = GetTopContentViewModel.swift; sourceTree = "<group>"; };
		A93A979F2B694BA90097656E /* ShareContentView.swift */ = {isa = PBXFileReference; lastKnownFileType = sourcecode.swift; path = ShareContentView.swift; sourceTree = "<group>"; };
		A93A97A12B696ED20097656E /* CodableIgnored.swift */ = {isa = PBXFileReference; lastKnownFileType = sourcecode.swift; path = CodableIgnored.swift; sourceTree = "<group>"; };
		A983382F2B6073A40087EA99 /* SnackBarErrorView.swift */ = {isa = PBXFileReference; lastKnownFileType = sourcecode.swift; path = SnackBarErrorView.swift; sourceTree = "<group>"; };
		A98338312B6073EB0087EA99 /* UIAplication+getKeyWindow.swift */ = {isa = PBXFileReference; lastKnownFileType = sourcecode.swift; path = "UIAplication+getKeyWindow.swift"; sourceTree = "<group>"; };
		A98338342B62E2B90087EA99 /* ArtistAlbuns.swift */ = {isa = PBXFileReference; lastKnownFileType = sourcecode.swift; path = ArtistAlbuns.swift; sourceTree = "<group>"; };
		A983383A2B62E5810087EA99 /* ArtistsDataService.swift */ = {isa = PBXFileReference; lastKnownFileType = sourcecode.swift; path = ArtistsDataService.swift; sourceTree = "<group>"; };
		A9835ED52B5DEA5F00F18F20 /* UserStateViewModel.swift */ = {isa = PBXFileReference; lastKnownFileType = sourcecode.swift; path = UserStateViewModel.swift; sourceTree = "<group>"; };
		A9835EDB2B5E3B5700F18F20 /* SkeletonView.swift */ = {isa = PBXFileReference; lastKnownFileType = sourcecode.swift; path = SkeletonView.swift; sourceTree = "<group>"; };
		A9835EDE2B5E3BBA00F18F20 /* RedectedAnimation.swift */ = {isa = PBXFileReference; lastKnownFileType = sourcecode.swift; path = RedectedAnimation.swift; sourceTree = "<group>"; };
		A99279242B55F52100D20E48 /* Endpoint.swift */ = {isa = PBXFileReference; lastKnownFileType = sourcecode.swift; path = Endpoint.swift; sourceTree = "<group>"; };
		A99279262B55F6CB00D20E48 /* RequestMethod.swift */ = {isa = PBXFileReference; lastKnownFileType = sourcecode.swift; path = RequestMethod.swift; sourceTree = "<group>"; };
		A99279282B55F75B00D20E48 /* HTTPClient.swift */ = {isa = PBXFileReference; lastKnownFileType = sourcecode.swift; path = HTTPClient.swift; sourceTree = "<group>"; };
		A992792A2B55F7AE00D20E48 /* RequestError.swift */ = {isa = PBXFileReference; lastKnownFileType = sourcecode.swift; path = RequestError.swift; sourceTree = "<group>"; };
		A992792D2B574EAB00D20E48 /* TokenEndpoint.swift */ = {isa = PBXFileReference; lastKnownFileType = sourcecode.swift; path = TokenEndpoint.swift; sourceTree = "<group>"; };
		A992792F2B57538300D20E48 /* AuthorizeUserEndpoint.swift */ = {isa = PBXFileReference; lastKnownFileType = sourcecode.swift; path = AuthorizeUserEndpoint.swift; sourceTree = "<group>"; };
		A99279312B57BE6400D20E48 /* SpotifyBaseURL.swift */ = {isa = PBXFileReference; lastKnownFileType = sourcecode.swift; path = SpotifyBaseURL.swift; sourceTree = "<group>"; };
		A99279332B57C0CD00D20E48 /* SpotifyConstants.swift */ = {isa = PBXFileReference; lastKnownFileType = sourcecode.swift; path = SpotifyConstants.swift; sourceTree = "<group>"; };
		A99279352B57C54B00D20E48 /* Info.plist */ = {isa = PBXFileReference; lastKnownFileType = text.plist.xml; path = Info.plist; sourceTree = "<group>"; };
		A99279382B57C5CB00D20E48 /* GetCode.swift */ = {isa = PBXFileReference; lastKnownFileType = sourcecode.swift; path = GetCode.swift; sourceTree = "<group>"; };
		A992793B2B5939B600D20E48 /* AuthenticationService.swift */ = {isa = PBXFileReference; lastKnownFileType = sourcecode.swift; path = AuthenticationService.swift; sourceTree = "<group>"; };
		A992793E2B5939E700D20E48 /* AccessTokenResponse.swift */ = {isa = PBXFileReference; lastKnownFileType = sourcecode.swift; path = AccessTokenResponse.swift; sourceTree = "<group>"; };
		A99279432B5A7EB800D20E48 /* KeychainHelper.swift */ = {isa = PBXFileReference; lastKnownFileType = sourcecode.swift; path = KeychainHelper.swift; sourceTree = "<group>"; };
		A99279462B5A7F6C00D20E48 /* SpotifyAuthenticationManager.swift */ = {isa = PBXFileReference; lastKnownFileType = sourcecode.swift; path = SpotifyAuthenticationManager.swift; sourceTree = "<group>"; };
		A99279482B5C78E100D20E48 /* RefreshTokenEndpoint.swift */ = {isa = PBXFileReference; lastKnownFileType = sourcecode.swift; path = RefreshTokenEndpoint.swift; sourceTree = "<group>"; };
		A996B4912B65A1C700B1D690 /* ShareItemView.swift */ = {isa = PBXFileReference; lastKnownFileType = sourcecode.swift; path = ShareItemView.swift; sourceTree = "<group>"; };
		A9A4F6D92B72E5D100A7A16A /* UserPlaylist.swift */ = {isa = PBXFileReference; lastKnownFileType = sourcecode.swift; path = UserPlaylist.swift; sourceTree = "<group>"; };
		A9A4F6DB2B72E8CB00A7A16A /* PlaylistsViewModel.swift */ = {isa = PBXFileReference; lastKnownFileType = sourcecode.swift; path = PlaylistsViewModel.swift; sourceTree = "<group>"; };
		A9A4F6DD2B74473C00A7A16A /* TrackDetailViewModel.swift */ = {isa = PBXFileReference; lastKnownFileType = sourcecode.swift; path = TrackDetailViewModel.swift; sourceTree = "<group>"; };
		A9E574F42B700AC600E84A5E /* User.swift */ = {isa = PBXFileReference; lastKnownFileType = sourcecode.swift; path = User.swift; sourceTree = "<group>"; };
		A9E574F72B700B4000E84A5E /* UserEndpoint.swift */ = {isa = PBXFileReference; lastKnownFileType = sourcecode.swift; path = UserEndpoint.swift; sourceTree = "<group>"; };
		A9E574FA2B700C3200E84A5E /* UserService.swift */ = {isa = PBXFileReference; lastKnownFileType = sourcecode.swift; path = UserService.swift; sourceTree = "<group>"; };
		A9E574FC2B700F4400E84A5E /* UserProfileViewModel.swift */ = {isa = PBXFileReference; lastKnownFileType = sourcecode.swift; path = UserProfileViewModel.swift; sourceTree = "<group>"; };
		A9E574FE2B701E8800E84A5E /* UserCurrentPlaying.swift */ = {isa = PBXFileReference; lastKnownFileType = sourcecode.swift; path = UserCurrentPlaying.swift; sourceTree = "<group>"; };
		A9E575002B701E9900E84A5E /* Device.swift */ = {isa = PBXFileReference; lastKnownFileType = sourcecode.swift; path = Device.swift; sourceTree = "<group>"; };
		A9EAB0412B65737A006A92A8 /* ArtistDetailViewModel.swift */ = {isa = PBXFileReference; lastKnownFileType = sourcecode.swift; path = ArtistDetailViewModel.swift; sourceTree = "<group>"; };
		A9EB11862B5CE5C00052DCCA /* GetTopEndpoint.swift */ = {isa = PBXFileReference; lastKnownFileType = sourcecode.swift; path = GetTopEndpoint.swift; sourceTree = "<group>"; };
		A9EB11882B5CEC9A0052DCCA /* GetTopService.swift */ = {isa = PBXFileReference; lastKnownFileType = sourcecode.swift; path = GetTopService.swift; sourceTree = "<group>"; };
		A9EB118A2B5CFEEB0052DCCA /* ArtistListRow.swift */ = {isa = PBXFileReference; lastKnownFileType = sourcecode.swift; path = ArtistListRow.swift; sourceTree = "<group>"; };
		A9EB118C2B5D08550052DCCA /* TopArtistDetail.swift */ = {isa = PBXFileReference; lastKnownFileType = sourcecode.swift; path = TopArtistDetail.swift; sourceTree = "<group>"; };
		A9EC7E162B6C59C600FCAEDA /* LoginViewModel.swift */ = {isa = PBXFileReference; lastKnownFileType = sourcecode.swift; path = LoginViewModel.swift; sourceTree = "<group>"; };
		C570BE542B2DB97A006E7536 /* MusicItemRow.swift */ = {isa = PBXFileReference; lastKnownFileType = sourcecode.swift; path = MusicItemRow.swift; sourceTree = "<group>"; };
		C570BE5E2B2E4C13006E7536 /* GetTopResponse.swift */ = {isa = PBXFileReference; lastKnownFileType = sourcecode.swift; path = GetTopResponse.swift; sourceTree = "<group>"; };
		C570BE602B2E4C24006E7536 /* Track.swift */ = {isa = PBXFileReference; lastKnownFileType = sourcecode.swift; path = Track.swift; sourceTree = "<group>"; };
		C570BE622B2E4C57006E7536 /* APIImage.swift */ = {isa = PBXFileReference; lastKnownFileType = sourcecode.swift; path = APIImage.swift; sourceTree = "<group>"; };
		C570BE642B2E4CD8006E7536 /* Album.swift */ = {isa = PBXFileReference; lastKnownFileType = sourcecode.swift; path = Album.swift; sourceTree = "<group>"; };
		C570BE662B2E4CE7006E7536 /* Artist.swift */ = {isa = PBXFileReference; lastKnownFileType = sourcecode.swift; path = Artist.swift; sourceTree = "<group>"; };
		C570BE682B2E4D9D006E7536 /* Followers.swift */ = {isa = PBXFileReference; lastKnownFileType = sourcecode.swift; path = Followers.swift; sourceTree = "<group>"; };
		C570BE6A2B2E4DD2006E7536 /* ExternalURLs.swift */ = {isa = PBXFileReference; lastKnownFileType = sourcecode.swift; path = ExternalURLs.swift; sourceTree = "<group>"; };
		C570BE6C2B2E4DE8006E7536 /* ArtistType.swift */ = {isa = PBXFileReference; lastKnownFileType = sourcecode.swift; path = ArtistType.swift; sourceTree = "<group>"; };
		C570BE6E2B2E4DFA006E7536 /* ExternalIds.swift */ = {isa = PBXFileReference; lastKnownFileType = sourcecode.swift; path = ExternalIds.swift; sourceTree = "<group>"; };
		C570BE702B2E4E08006E7536 /* ItemType.swift */ = {isa = PBXFileReference; lastKnownFileType = sourcecode.swift; path = ItemType.swift; sourceTree = "<group>"; };
		C570BE722B2E52D6006E7536 /* TrackNavigationType.swift */ = {isa = PBXFileReference; lastKnownFileType = sourcecode.swift; path = TrackNavigationType.swift; sourceTree = "<group>"; };
		C570BE742B2E54B3006E7536 /* TopMusicDetail.swift */ = {isa = PBXFileReference; lastKnownFileType = sourcecode.swift; path = TopMusicDetail.swift; sourceTree = "<group>"; };
		C570BE762B2E56BF006E7536 /* AsyncImageContainer.swift */ = {isa = PBXFileReference; lastKnownFileType = sourcecode.swift; path = AsyncImageContainer.swift; sourceTree = "<group>"; };
		C5774B6F2B27E9D20089DA4A /* Musistic.app */ = {isa = PBXFileReference; explicitFileType = wrapper.application; includeInIndex = 0; path = Musistic.app; sourceTree = BUILT_PRODUCTS_DIR; };
		C5774B722B27E9D20089DA4A /* MusisticApp.swift */ = {isa = PBXFileReference; lastKnownFileType = sourcecode.swift; path = MusisticApp.swift; sourceTree = "<group>"; };
		C5774B742B27E9D20089DA4A /* MainView.swift */ = {isa = PBXFileReference; lastKnownFileType = sourcecode.swift; path = MainView.swift; sourceTree = "<group>"; };
		C5774B762B27E9D30089DA4A /* Assets.xcassets */ = {isa = PBXFileReference; lastKnownFileType = folder.assetcatalog; path = Assets.xcassets; sourceTree = "<group>"; };
		C5774B792B27E9D30089DA4A /* Preview Assets.xcassets */ = {isa = PBXFileReference; lastKnownFileType = folder.assetcatalog; path = "Preview Assets.xcassets"; sourceTree = "<group>"; };
		C5774B822B28AAF40089DA4A /* MusicsListView.swift */ = {isa = PBXFileReference; lastKnownFileType = sourcecode.swift; path = MusicsListView.swift; sourceTree = "<group>"; };
		C5774B842B28AB420089DA4A /* ArtistsListView.swift */ = {isa = PBXFileReference; lastKnownFileType = sourcecode.swift; path = ArtistsListView.swift; sourceTree = "<group>"; };
		C5774B862B28AC0D0089DA4A /* ProfileView.swift */ = {isa = PBXFileReference; lastKnownFileType = sourcecode.swift; path = ProfileView.swift; sourceTree = "<group>"; };
		C5774B882B28B75F0089DA4A /* MyPlaylistsView.swift */ = {isa = PBXFileReference; lastKnownFileType = sourcecode.swift; path = MyPlaylistsView.swift; sourceTree = "<group>"; };
		C5774B8D2B2937D70089DA4A /* LogInView.swift */ = {isa = PBXFileReference; lastKnownFileType = sourcecode.swift; path = LogInView.swift; sourceTree = "<group>"; };
/* End PBXFileReference section */

/* Begin PBXFrameworksBuildPhase section */
		C5774B6C2B27E9D20089DA4A /* Frameworks */ = {
			isa = PBXFrameworksBuildPhase;
			buildActionMask = 2147483647;
			files = (
			);
			runOnlyForDeploymentPostprocessing = 0;
		};
/* End PBXFrameworksBuildPhase section */

/* Begin PBXGroup section */
		A93A97962B6869250097656E /* ShareItems */ = {
			isa = PBXGroup;
			children = (
				A996B4912B65A1C700B1D690 /* ShareItemView.swift */,
			);
			path = ShareItems;
			sourceTree = "<group>";
		};
		A93A97972B686C140097656E /* GetTopComponents */ = {
			isa = PBXGroup;
			children = (
				A93A979E2B694B970097656E /* ShareContent */,
				A93A979A2B686D090097656E /* TopContentListView.swift */,
			);
			path = GetTopComponents;
			sourceTree = "<group>";
		};
		A93A979E2B694B970097656E /* ShareContent */ = {
			isa = PBXGroup;
			children = (
				A93A979F2B694BA90097656E /* ShareContentView.swift */,
			);
			path = ShareContent;
			sourceTree = "<group>";
		};
		A983382C2B60082C0087EA99 /* AuthenticationResponse */ = {
			isa = PBXGroup;
			children = (
				A992793E2B5939E700D20E48 /* AccessTokenResponse.swift */,
			);
			path = AuthenticationResponse;
			sourceTree = "<group>";
		};
		A983382D2B6008550087EA99 /* GetTopResponse */ = {
			isa = PBXGroup;
			children = (
				C570BE682B2E4D9D006E7536 /* Followers.swift */,
				C570BE642B2E4CD8006E7536 /* Album.swift */,
				C570BE622B2E4C57006E7536 /* APIImage.swift */,
				C570BE662B2E4CE7006E7536 /* Artist.swift */,
				C570BE602B2E4C24006E7536 /* Track.swift */,
				C570BE702B2E4E08006E7536 /* ItemType.swift */,
				C570BE6E2B2E4DFA006E7536 /* ExternalIds.swift */,
				C570BE6C2B2E4DE8006E7536 /* ArtistType.swift */,
				C570BE6A2B2E4DD2006E7536 /* ExternalURLs.swift */,
				A98338342B62E2B90087EA99 /* ArtistAlbuns.swift */,
				C570BE5E2B2E4C13006E7536 /* GetTopResponse.swift */,
				A9015EF72B66C8B5007CF96D /* ArtistTopTracks.swift */,
				A9015EFB2B66CE32007CF96D /* RelatedArtists.swift */,
			);
			path = GetTopResponse;
			sourceTree = "<group>";
		};
		A983382E2B6073960087EA99 /* Snackbar */ = {
			isa = PBXGroup;
			children = (
				A983382F2B6073A40087EA99 /* SnackBarErrorView.swift */,
			);
			path = Snackbar;
			sourceTree = "<group>";
		};
		A98338362B62E4310087EA99 /* ArtistEndpoint */ = {
			isa = PBXGroup;
			children = (
				A9015EF92B66CA30007CF96D /* ArtistEndpoint.swift */,
			);
			path = ArtistEndpoint;
			sourceTree = "<group>";
		};
		A98338392B62E56E0087EA99 /* Artist */ = {
			isa = PBXGroup;
			children = (
				A983383A2B62E5810087EA99 /* ArtistsDataService.swift */,
			);
			path = Artist;
			sourceTree = "<group>";
		};
		A9835ED72B5E38BF00F18F20 /* ViewModels */ = {
			isa = PBXGroup;
			children = (
				A9835ED52B5DEA5F00F18F20 /* UserStateViewModel.swift */,
				A93A979C2B686FE70097656E /* GetTopContentViewModel.swift */,
				A9EAB0412B65737A006A92A8 /* ArtistDetailViewModel.swift */,
				A9EC7E162B6C59C600FCAEDA /* LoginViewModel.swift */,
				A9E574FC2B700F4400E84A5E /* UserProfileViewModel.swift */,
				A9A4F6DB2B72E8CB00A7A16A /* PlaylistsViewModel.swift */,
				A9A4F6DD2B74473C00A7A16A /* TrackDetailViewModel.swift */,
			);
			path = ViewModels;
			sourceTree = "<group>";
		};
		A9835EDA2B5E3B4D00F18F20 /* Skeleton */ = {
			isa = PBXGroup;
			children = (
				A9835EDB2B5E3B5700F18F20 /* SkeletonView.swift */,
			);
			path = Skeleton;
			sourceTree = "<group>";
		};
		A9835EDD2B5E3BB000F18F20 /* Modifiers */ = {
			isa = PBXGroup;
			children = (
				A9835EDE2B5E3BBA00F18F20 /* RedectedAnimation.swift */,
			);
			path = Modifiers;
			sourceTree = "<group>";
		};
		A99279202B55F46700D20E48 /* Networking */ = {
			isa = PBXGroup;
			children = (
				A9EB11852B5CE5AE0052DCCA /* Endpoints */,
				A992793A2B5939AB00D20E48 /* Services */,
				A99279232B55F4EE00D20E48 /* Base */,
			);
			path = Networking;
			sourceTree = "<group>";
		};
		A99279232B55F4EE00D20E48 /* Base */ = {
			isa = PBXGroup;
			children = (
				A99279332B57C0CD00D20E48 /* SpotifyConstants.swift */,
				A99279242B55F52100D20E48 /* Endpoint.swift */,
				A99279262B55F6CB00D20E48 /* RequestMethod.swift */,
				A99279282B55F75B00D20E48 /* HTTPClient.swift */,
				A992792A2B55F7AE00D20E48 /* RequestError.swift */,
				A99279312B57BE6400D20E48 /* SpotifyBaseURL.swift */,
				A99279382B57C5CB00D20E48 /* GetCode.swift */,
			);
			path = Base;
			sourceTree = "<group>";
		};
		A992792C2B574E9800D20E48 /* AuthenticationEndpoint */ = {
			isa = PBXGroup;
			children = (
				A992792F2B57538300D20E48 /* AuthorizeUserEndpoint.swift */,
				A99279482B5C78E100D20E48 /* RefreshTokenEndpoint.swift */,
				A992792D2B574EAB00D20E48 /* TokenEndpoint.swift */,
			);
			path = AuthenticationEndpoint;
			sourceTree = "<group>";
		};
		A992793A2B5939AB00D20E48 /* Services */ = {
			isa = PBXGroup;
			children = (
				A9E574F92B700C2600E84A5E /* User */,
				A98338392B62E56E0087EA99 /* Artist */,
				A992793B2B5939B600D20E48 /* AuthenticationService.swift */,
				A9EB11882B5CEC9A0052DCCA /* GetTopService.swift */,
			);
			path = Services;
			sourceTree = "<group>";
		};
		A99279422B5A7EAF00D20E48 /* Services */ = {
			isa = PBXGroup;
			children = (
				A99279432B5A7EB800D20E48 /* KeychainHelper.swift */,
			);
			path = Services;
			sourceTree = "<group>";
		};
		A99279452B5A7F5300D20E48 /* Managers */ = {
			isa = PBXGroup;
			children = (
				A99279462B5A7F6C00D20E48 /* SpotifyAuthenticationManager.swift */,
			);
			path = Managers;
			sourceTree = "<group>";
		};
		A9E574F62B700B3200E84A5E /* UserEndpoint */ = {
			isa = PBXGroup;
			children = (
				A9E574F72B700B4000E84A5E /* UserEndpoint.swift */,
			);
			path = UserEndpoint;
			sourceTree = "<group>";
		};
		A9E574F92B700C2600E84A5E /* User */ = {
			isa = PBXGroup;
			children = (
				A9E574FA2B700C3200E84A5E /* UserService.swift */,
			);
			path = User;
			sourceTree = "<group>";
		};
		A9EB11842B5CE51A0052DCCA /* GetTopEndpoint */ = {
			isa = PBXGroup;
			children = (
				A9EB11862B5CE5C00052DCCA /* GetTopEndpoint.swift */,
			);
			path = GetTopEndpoint;
			sourceTree = "<group>";
		};
		A9EB11852B5CE5AE0052DCCA /* Endpoints */ = {
			isa = PBXGroup;
			children = (
				A9E574F62B700B3200E84A5E /* UserEndpoint */,
				A98338362B62E4310087EA99 /* ArtistEndpoint */,
				A992792C2B574E9800D20E48 /* AuthenticationEndpoint */,
				A9EB11842B5CE51A0052DCCA /* GetTopEndpoint */,
			);
			path = Endpoints;
			sourceTree = "<group>";
		};
		C570BE562B2E496E006E7536 /* Login */ = {
			isa = PBXGroup;
			children = (
				C5774B8D2B2937D70089DA4A /* LogInView.swift */,
			);
			path = Login;
			sourceTree = "<group>";
		};
		C570BE572B2E4977006E7536 /* TopMusic */ = {
			isa = PBXGroup;
			children = (
				C5774B822B28AAF40089DA4A /* MusicsListView.swift */,
				C570BE542B2DB97A006E7536 /* MusicItemRow.swift */,
				C570BE742B2E54B3006E7536 /* TopMusicDetail.swift */,
			);
			path = TopMusic;
			sourceTree = "<group>";
		};
		C570BE582B2E498F006E7536 /* TopArtists */ = {
			isa = PBXGroup;
			children = (
				C5774B842B28AB420089DA4A /* ArtistsListView.swift */,
				A9EB118C2B5D08550052DCCA /* TopArtistDetail.swift */,
				A9EB118A2B5CFEEB0052DCCA /* ArtistListRow.swift */,
			);
			path = TopArtists;
			sourceTree = "<group>";
		};
		C570BE592B2E49A2006E7536 /* Profile */ = {
			isa = PBXGroup;
			children = (
				C5774B862B28AC0D0089DA4A /* ProfileView.swift */,
			);
			path = Profile;
			sourceTree = "<group>";
		};
		C570BE5A2B2E49B3006E7536 /* Playlists */ = {
			isa = PBXGroup;
			children = (
				C5774B882B28B75F0089DA4A /* MyPlaylistsView.swift */,
			);
			path = Playlists;
			sourceTree = "<group>";
		};
		C570BE5B2B2E4B9D006E7536 /* Components */ = {
			isa = PBXGroup;
			children = (
				A983382E2B6073960087EA99 /* Snackbar */,
				A9835EDA2B5E3B4D00F18F20 /* Skeleton */,
				A93A97972B686C140097656E /* GetTopComponents */,
				C570BE762B2E56BF006E7536 /* AsyncImageContainer.swift */,
			);
			path = Components;
			sourceTree = "<group>";
		};
		C570BE5C2B2E4BB3006E7536 /* HomeView */ = {
			isa = PBXGroup;
			children = (
				C5774B742B27E9D20089DA4A /* MainView.swift */,
			);
			path = HomeView;
			sourceTree = "<group>";
		};
		C570BE5D2B2E4BC6006E7536 /* Models */ = {
			isa = PBXGroup;
			children = (
				A983382D2B6008550087EA99 /* GetTopResponse */,
				A983382C2B60082C0087EA99 /* AuthenticationResponse */,
				A9E574F42B700AC600E84A5E /* User.swift */,
				A9E574FE2B701E8800E84A5E /* UserCurrentPlaying.swift */,
				A9A4F6D92B72E5D100A7A16A /* UserPlaylist.swift */,
			);
			path = Models;
			sourceTree = "<group>";
		};
		C570BE782B2E5C0E006E7536 /* Navigation */ = {
			isa = PBXGroup;
			children = (
				C570BE722B2E52D6006E7536 /* TrackNavigationType.swift */,
			);
			path = Navigation;
			sourceTree = "<group>";
		};
		C5774B662B27E9D10089DA4A = {
			isa = PBXGroup;
			children = (
				A9E575002B701E9900E84A5E /* Device.swift */,
				C5774B712B27E9D20089DA4A /* Musistic */,
				C5774B702B27E9D20089DA4A /* Products */,
			);
			sourceTree = "<group>";
		};
		C5774B702B27E9D20089DA4A /* Products */ = {
			isa = PBXGroup;
			children = (
				C5774B6F2B27E9D20089DA4A /* Musistic.app */,
			);
			name = Products;
			sourceTree = "<group>";
		};
		C5774B712B27E9D20089DA4A /* Musistic */ = {
			isa = PBXGroup;
			children = (
				C5774B722B27E9D20089DA4A /* MusisticApp.swift */,
				C5774B782B27E9D30089DA4A /* Preview Content */,
				C5774B762B27E9D30089DA4A /* Assets.xcassets */,
				A99279352B57C54B00D20E48 /* Info.plist */,
				A99279452B5A7F5300D20E48 /* Managers */,
				A99279422B5A7EAF00D20E48 /* Services */,
				A99279202B55F46700D20E48 /* Networking */,
				C570BE5D2B2E4BC6006E7536 /* Models */,
				C596B60E2B2947DB001A5F0B /* Extensions */,
				A9835ED72B5E38BF00F18F20 /* ViewModels */,
				C5774B8C2B2937C90089DA4A /* Views */,
			);
			path = Musistic;
			sourceTree = "<group>";
		};
		C5774B782B27E9D30089DA4A /* Preview Content */ = {
			isa = PBXGroup;
			children = (
				C5774B792B27E9D30089DA4A /* Preview Assets.xcassets */,
			);
			path = "Preview Content";
			sourceTree = "<group>";
		};
		C5774B8C2B2937C90089DA4A /* Views */ = {
			isa = PBXGroup;
			children = (
				A93A97962B6869250097656E /* ShareItems */,
				C570BE782B2E5C0E006E7536 /* Navigation */,
				C570BE5B2B2E4B9D006E7536 /* Components */,
				C570BE5A2B2E49B3006E7536 /* Playlists */,
				C570BE592B2E49A2006E7536 /* Profile */,
				C570BE582B2E498F006E7536 /* TopArtists */,
				C570BE572B2E4977006E7536 /* TopMusic */,
				C570BE562B2E496E006E7536 /* Login */,
				C570BE5C2B2E4BB3006E7536 /* HomeView */,
			);
			path = Views;
			sourceTree = "<group>";
		};
		C596B60E2B2947DB001A5F0B /* Extensions */ = {
			isa = PBXGroup;
			children = (
				A9835EDD2B5E3BB000F18F20 /* Modifiers */,
				A98338312B6073EB0087EA99 /* UIAplication+getKeyWindow.swift */,
				A93A97A12B696ED20097656E /* CodableIgnored.swift */,
			);
			path = Extensions;
			sourceTree = "<group>";
		};
/* End PBXGroup section */

/* Begin PBXNativeTarget section */
		C5774B6E2B27E9D20089DA4A /* Musistic */ = {
			isa = PBXNativeTarget;
			buildConfigurationList = C5774B7D2B27E9D30089DA4A /* Build configuration list for PBXNativeTarget "Musistic" */;
			buildPhases = (
				C5774B6B2B27E9D20089DA4A /* Sources */,
				C5774B6C2B27E9D20089DA4A /* Frameworks */,
				C5774B6D2B27E9D20089DA4A /* Resources */,
			);
			buildRules = (
			);
			dependencies = (
			);
			name = Musistic;
			productName = Musistic;
			productReference = C5774B6F2B27E9D20089DA4A /* Musistic.app */;
			productType = "com.apple.product-type.application";
		};
/* End PBXNativeTarget section */

/* Begin PBXProject section */
		C5774B672B27E9D10089DA4A /* Project object */ = {
			isa = PBXProject;
			attributes = {
				BuildIndependentTargetsInParallel = 1;
				LastSwiftUpdateCheck = 1500;
				LastUpgradeCheck = 1500;
				TargetAttributes = {
					C5774B6E2B27E9D20089DA4A = {
						CreatedOnToolsVersion = 15.0.1;
					};
				};
			};
			buildConfigurationList = C5774B6A2B27E9D10089DA4A /* Build configuration list for PBXProject "Musistic" */;
			compatibilityVersion = "Xcode 14.0";
			developmentRegion = en;
			hasScannedForEncodings = 0;
			knownRegions = (
				en,
				Base,
			);
			mainGroup = C5774B662B27E9D10089DA4A;
			productRefGroup = C5774B702B27E9D20089DA4A /* Products */;
			projectDirPath = "";
			projectRoot = "";
			targets = (
				C5774B6E2B27E9D20089DA4A /* Musistic */,
			);
		};
/* End PBXProject section */

/* Begin PBXResourcesBuildPhase section */
		C5774B6D2B27E9D20089DA4A /* Resources */ = {
			isa = PBXResourcesBuildPhase;
			buildActionMask = 2147483647;
			files = (
				C5774B7A2B27E9D30089DA4A /* Preview Assets.xcassets in Resources */,
				C5774B772B27E9D30089DA4A /* Assets.xcassets in Resources */,
			);
			runOnlyForDeploymentPostprocessing = 0;
		};
/* End PBXResourcesBuildPhase section */

/* Begin PBXSourcesBuildPhase section */
		C5774B6B2B27E9D20089DA4A /* Sources */ = {
			isa = PBXSourcesBuildPhase;
			buildActionMask = 2147483647;
			files = (
				A992792B2B55F7AE00D20E48 /* RequestError.swift in Sources */,
				A93A97A22B696ED20097656E /* CodableIgnored.swift in Sources */,
				A99279272B55F6CB00D20E48 /* RequestMethod.swift in Sources */,
				A9A4F6DE2B74473C00A7A16A /* TrackDetailViewModel.swift in Sources */,
				C5774B892B28B75F0089DA4A /* MyPlaylistsView.swift in Sources */,
				A9835EDC2B5E3B5700F18F20 /* SkeletonView.swift in Sources */,
				A9EB11872B5CE5C00052DCCA /* GetTopEndpoint.swift in Sources */,
				A992793F2B5939E700D20E48 /* AccessTokenResponse.swift in Sources */,
				A93A97A02B694BA90097656E /* ShareContentView.swift in Sources */,
				A992792E2B574EAB00D20E48 /* TokenEndpoint.swift in Sources */,
				A98338322B6073EB0087EA99 /* UIAplication+getKeyWindow.swift in Sources */,
				A98338352B62E2B90087EA99 /* ArtistAlbuns.swift in Sources */,
				A99279342B57C0CD00D20E48 /* SpotifyConstants.swift in Sources */,
				C570BE6D2B2E4DE8006E7536 /* ArtistType.swift in Sources */,
				A9EAB0422B65737A006A92A8 /* ArtistDetailViewModel.swift in Sources */,
				A99279292B55F75B00D20E48 /* HTTPClient.swift in Sources */,
				C5774B872B28AC0D0089DA4A /* ProfileView.swift in Sources */,
				C570BE6B2B2E4DD2006E7536 /* ExternalURLs.swift in Sources */,
				A996B4922B65A1C700B1D690 /* ShareItemView.swift in Sources */,
				A9A4F6DC2B72E8CB00A7A16A /* PlaylistsViewModel.swift in Sources */,
				C570BE692B2E4D9D006E7536 /* Followers.swift in Sources */,
				C5774B752B27E9D20089DA4A /* MainView.swift in Sources */,
				A9A4F6DA2B72E5D100A7A16A /* UserPlaylist.swift in Sources */,
				C5774B852B28AB420089DA4A /* ArtistsListView.swift in Sources */,
				A9835ED62B5DEA5F00F18F20 /* UserStateViewModel.swift in Sources */,
				A99279392B57C5CB00D20E48 /* GetCode.swift in Sources */,
				A9E574F52B700AC600E84A5E /* User.swift in Sources */,
				A9E574FB2B700C3200E84A5E /* UserService.swift in Sources */,
				C5774B832B28AAF40089DA4A /* MusicsListView.swift in Sources */,
				A9EB118B2B5CFEEB0052DCCA /* ArtistListRow.swift in Sources */,
				A98338302B6073A40087EA99 /* SnackBarErrorView.swift in Sources */,
				A992793C2B5939B600D20E48 /* AuthenticationService.swift in Sources */,
				A99279442B5A7EB800D20E48 /* KeychainHelper.swift in Sources */,
				C570BE752B2E54B3006E7536 /* TopMusicDetail.swift in Sources */,
				A9015EFC2B66CE32007CF96D /* RelatedArtists.swift in Sources */,
				C570BE6F2B2E4DFA006E7536 /* ExternalIds.swift in Sources */,
				A93A979D2B686FE70097656E /* GetTopContentViewModel.swift in Sources */,
				A9015EFA2B66CA30007CF96D /* ArtistEndpoint.swift in Sources */,
				C570BE732B2E52D6006E7536 /* TrackNavigationType.swift in Sources */,
				A99279472B5A7F6C00D20E48 /* SpotifyAuthenticationManager.swift in Sources */,
				C5774B8E2B2937D70089DA4A /* LogInView.swift in Sources */,
				A9EB11892B5CEC9A0052DCCA /* GetTopService.swift in Sources */,
				C570BE5F2B2E4C13006E7536 /* GetTopResponse.swift in Sources */,
				A93A979B2B686D090097656E /* TopContentListView.swift in Sources */,
				A983383B2B62E5810087EA99 /* ArtistsDataService.swift in Sources */,
				C570BE712B2E4E08006E7536 /* ItemType.swift in Sources */,
				C570BE612B2E4C24006E7536 /* Track.swift in Sources */,
				A9E574F82B700B4000E84A5E /* UserEndpoint.swift in Sources */,
				A99279492B5C78E100D20E48 /* RefreshTokenEndpoint.swift in Sources */,
				C5774B732B27E9D20089DA4A /* MusisticApp.swift in Sources */,
				C570BE632B2E4C57006E7536 /* APIImage.swift in Sources */,
				A9EB118D2B5D08550052DCCA /* TopArtistDetail.swift in Sources */,
				A99279302B57538300D20E48 /* AuthorizeUserEndpoint.swift in Sources */,
				C570BE552B2DB97A006E7536 /* MusicItemRow.swift in Sources */,
				A9EC7E172B6C59C600FCAEDA /* LoginViewModel.swift in Sources */,
				A9E574FF2B701E8800E84A5E /* UserCurrentPlaying.swift in Sources */,
				A9E575012B701E9900E84A5E /* Device.swift in Sources */,
				C570BE672B2E4CE7006E7536 /* Artist.swift in Sources */,
				C570BE772B2E56BF006E7536 /* AsyncImageContainer.swift in Sources */,
				A99279322B57BE6400D20E48 /* SpotifyBaseURL.swift in Sources */,
				C570BE652B2E4CD8006E7536 /* Album.swift in Sources */,
				A9835EDF2B5E3BBA00F18F20 /* RedectedAnimation.swift in Sources */,
				A9015EF82B66C8B5007CF96D /* ArtistTopTracks.swift in Sources */,
				A99279252B55F52100D20E48 /* Endpoint.swift in Sources */,
				A9E574FD2B700F4400E84A5E /* UserProfileViewModel.swift in Sources */,
			);
			runOnlyForDeploymentPostprocessing = 0;
		};
/* End PBXSourcesBuildPhase section */

/* Begin XCBuildConfiguration section */
		C5774B7B2B27E9D30089DA4A /* Debug */ = {
			isa = XCBuildConfiguration;
			buildSettings = {
				ALWAYS_SEARCH_USER_PATHS = NO;
				ASSETCATALOG_COMPILER_GENERATE_SWIFT_ASSET_SYMBOL_EXTENSIONS = YES;
				CLANG_ANALYZER_NONNULL = YES;
				CLANG_ANALYZER_NUMBER_OBJECT_CONVERSION = YES_AGGRESSIVE;
				CLANG_CXX_LANGUAGE_STANDARD = "gnu++20";
				CLANG_ENABLE_MODULES = YES;
				CLANG_ENABLE_OBJC_ARC = YES;
				CLANG_ENABLE_OBJC_WEAK = YES;
				CLANG_WARN_BLOCK_CAPTURE_AUTORELEASING = YES;
				CLANG_WARN_BOOL_CONVERSION = YES;
				CLANG_WARN_COMMA = YES;
				CLANG_WARN_CONSTANT_CONVERSION = YES;
				CLANG_WARN_DEPRECATED_OBJC_IMPLEMENTATIONS = YES;
				CLANG_WARN_DIRECT_OBJC_ISA_USAGE = YES_ERROR;
				CLANG_WARN_DOCUMENTATION_COMMENTS = YES;
				CLANG_WARN_EMPTY_BODY = YES;
				CLANG_WARN_ENUM_CONVERSION = YES;
				CLANG_WARN_INFINITE_RECURSION = YES;
				CLANG_WARN_INT_CONVERSION = YES;
				CLANG_WARN_NON_LITERAL_NULL_CONVERSION = YES;
				CLANG_WARN_OBJC_IMPLICIT_RETAIN_SELF = YES;
				CLANG_WARN_OBJC_LITERAL_CONVERSION = YES;
				CLANG_WARN_OBJC_ROOT_CLASS = YES_ERROR;
				CLANG_WARN_QUOTED_INCLUDE_IN_FRAMEWORK_HEADER = YES;
				CLANG_WARN_RANGE_LOOP_ANALYSIS = YES;
				CLANG_WARN_STRICT_PROTOTYPES = YES;
				CLANG_WARN_SUSPICIOUS_MOVE = YES;
				CLANG_WARN_UNGUARDED_AVAILABILITY = YES_AGGRESSIVE;
				CLANG_WARN_UNREACHABLE_CODE = YES;
				CLANG_WARN__DUPLICATE_METHOD_MATCH = YES;
				COPY_PHASE_STRIP = NO;
				DEBUG_INFORMATION_FORMAT = dwarf;
				ENABLE_STRICT_OBJC_MSGSEND = YES;
				ENABLE_TESTABILITY = YES;
				ENABLE_USER_SCRIPT_SANDBOXING = YES;
				GCC_C_LANGUAGE_STANDARD = gnu17;
				GCC_DYNAMIC_NO_PIC = NO;
				GCC_NO_COMMON_BLOCKS = YES;
				GCC_OPTIMIZATION_LEVEL = 0;
				GCC_PREPROCESSOR_DEFINITIONS = (
					"DEBUG=1",
					"$(inherited)",
				);
				GCC_WARN_64_TO_32_BIT_CONVERSION = YES;
				GCC_WARN_ABOUT_RETURN_TYPE = YES_ERROR;
				GCC_WARN_UNDECLARED_SELECTOR = YES;
				GCC_WARN_UNINITIALIZED_AUTOS = YES_AGGRESSIVE;
				GCC_WARN_UNUSED_FUNCTION = YES;
				GCC_WARN_UNUSED_VARIABLE = YES;
				IPHONEOS_DEPLOYMENT_TARGET = 17.0;
				LOCALIZATION_PREFERS_STRING_CATALOGS = YES;
				MTL_ENABLE_DEBUG_INFO = INCLUDE_SOURCE;
				MTL_FAST_MATH = YES;
				ONLY_ACTIVE_ARCH = YES;
				SDKROOT = iphoneos;
				SWIFT_ACTIVE_COMPILATION_CONDITIONS = "DEBUG $(inherited)";
				SWIFT_OPTIMIZATION_LEVEL = "-Onone";
			};
			name = Debug;
		};
		C5774B7C2B27E9D30089DA4A /* Release */ = {
			isa = XCBuildConfiguration;
			buildSettings = {
				ALWAYS_SEARCH_USER_PATHS = NO;
				ASSETCATALOG_COMPILER_GENERATE_SWIFT_ASSET_SYMBOL_EXTENSIONS = YES;
				CLANG_ANALYZER_NONNULL = YES;
				CLANG_ANALYZER_NUMBER_OBJECT_CONVERSION = YES_AGGRESSIVE;
				CLANG_CXX_LANGUAGE_STANDARD = "gnu++20";
				CLANG_ENABLE_MODULES = YES;
				CLANG_ENABLE_OBJC_ARC = YES;
				CLANG_ENABLE_OBJC_WEAK = YES;
				CLANG_WARN_BLOCK_CAPTURE_AUTORELEASING = YES;
				CLANG_WARN_BOOL_CONVERSION = YES;
				CLANG_WARN_COMMA = YES;
				CLANG_WARN_CONSTANT_CONVERSION = YES;
				CLANG_WARN_DEPRECATED_OBJC_IMPLEMENTATIONS = YES;
				CLANG_WARN_DIRECT_OBJC_ISA_USAGE = YES_ERROR;
				CLANG_WARN_DOCUMENTATION_COMMENTS = YES;
				CLANG_WARN_EMPTY_BODY = YES;
				CLANG_WARN_ENUM_CONVERSION = YES;
				CLANG_WARN_INFINITE_RECURSION = YES;
				CLANG_WARN_INT_CONVERSION = YES;
				CLANG_WARN_NON_LITERAL_NULL_CONVERSION = YES;
				CLANG_WARN_OBJC_IMPLICIT_RETAIN_SELF = YES;
				CLANG_WARN_OBJC_LITERAL_CONVERSION = YES;
				CLANG_WARN_OBJC_ROOT_CLASS = YES_ERROR;
				CLANG_WARN_QUOTED_INCLUDE_IN_FRAMEWORK_HEADER = YES;
				CLANG_WARN_RANGE_LOOP_ANALYSIS = YES;
				CLANG_WARN_STRICT_PROTOTYPES = YES;
				CLANG_WARN_SUSPICIOUS_MOVE = YES;
				CLANG_WARN_UNGUARDED_AVAILABILITY = YES_AGGRESSIVE;
				CLANG_WARN_UNREACHABLE_CODE = YES;
				CLANG_WARN__DUPLICATE_METHOD_MATCH = YES;
				COPY_PHASE_STRIP = NO;
				DEBUG_INFORMATION_FORMAT = "dwarf-with-dsym";
				ENABLE_NS_ASSERTIONS = NO;
				ENABLE_STRICT_OBJC_MSGSEND = YES;
				ENABLE_USER_SCRIPT_SANDBOXING = YES;
				GCC_C_LANGUAGE_STANDARD = gnu17;
				GCC_NO_COMMON_BLOCKS = YES;
				GCC_WARN_64_TO_32_BIT_CONVERSION = YES;
				GCC_WARN_ABOUT_RETURN_TYPE = YES_ERROR;
				GCC_WARN_UNDECLARED_SELECTOR = YES;
				GCC_WARN_UNINITIALIZED_AUTOS = YES_AGGRESSIVE;
				GCC_WARN_UNUSED_FUNCTION = YES;
				GCC_WARN_UNUSED_VARIABLE = YES;
				IPHONEOS_DEPLOYMENT_TARGET = 17.0;
				LOCALIZATION_PREFERS_STRING_CATALOGS = YES;
				MTL_ENABLE_DEBUG_INFO = NO;
				MTL_FAST_MATH = YES;
				SDKROOT = iphoneos;
				SWIFT_COMPILATION_MODE = wholemodule;
				VALIDATE_PRODUCT = YES;
			};
			name = Release;
		};
		C5774B7E2B27E9D30089DA4A /* Debug */ = {
			isa = XCBuildConfiguration;
			buildSettings = {
				ASSETCATALOG_COMPILER_APPICON_NAME = AppIcon;
				ASSETCATALOG_COMPILER_GLOBAL_ACCENT_COLOR_NAME = AccentColor;
				CODE_SIGN_STYLE = Automatic;
				CURRENT_PROJECT_VERSION = 1;
				DEVELOPMENT_ASSET_PATHS = "\"Musistic/Preview Content\"";
				DEVELOPMENT_TEAM = DWNX563SG6;
				ENABLE_PREVIEWS = YES;
				GENERATE_INFOPLIST_FILE = YES;
				INFOPLIST_FILE = Musistic/Info.plist;
				INFOPLIST_KEY_UIApplicationSceneManifest_Generation = YES;
				INFOPLIST_KEY_UIApplicationSupportsIndirectInputEvents = YES;
				INFOPLIST_KEY_UILaunchScreen_Generation = YES;
				INFOPLIST_KEY_UISupportedInterfaceOrientations_iPad = "UIInterfaceOrientationPortrait UIInterfaceOrientationPortraitUpsideDown UIInterfaceOrientationLandscapeLeft UIInterfaceOrientationLandscapeRight";
				INFOPLIST_KEY_UISupportedInterfaceOrientations_iPhone = "UIInterfaceOrientationPortrait UIInterfaceOrientationLandscapeLeft UIInterfaceOrientationLandscapeRight";
				LD_RUNPATH_SEARCH_PATHS = (
					"$(inherited)",
					"@executable_path/Frameworks",
				);
				MARKETING_VERSION = 1.0;
				PRODUCT_BUNDLE_IDENTIFIER = com.yurastico.Musistic;
				PRODUCT_NAME = "$(TARGET_NAME)";
				SWIFT_EMIT_LOC_STRINGS = YES;
				SWIFT_VERSION = 5.0;
				TARGETED_DEVICE_FAMILY = "1,2";
			};
			name = Debug;
		};
		C5774B7F2B27E9D30089DA4A /* Release */ = {
			isa = XCBuildConfiguration;
			buildSettings = {
				ASSETCATALOG_COMPILER_APPICON_NAME = AppIcon;
				ASSETCATALOG_COMPILER_GLOBAL_ACCENT_COLOR_NAME = AccentColor;
				CODE_SIGN_STYLE = Automatic;
				CURRENT_PROJECT_VERSION = 1;
				DEVELOPMENT_ASSET_PATHS = "\"Musistic/Preview Content\"";
				DEVELOPMENT_TEAM = DWNX563SG6;
				ENABLE_PREVIEWS = YES;
				GENERATE_INFOPLIST_FILE = YES;
				INFOPLIST_FILE = Musistic/Info.plist;
				INFOPLIST_KEY_UIApplicationSceneManifest_Generation = YES;
				INFOPLIST_KEY_UIApplicationSupportsIndirectInputEvents = YES;
				INFOPLIST_KEY_UILaunchScreen_Generation = YES;
				INFOPLIST_KEY_UISupportedInterfaceOrientations_iPad = "UIInterfaceOrientationPortrait UIInterfaceOrientationPortraitUpsideDown UIInterfaceOrientationLandscapeLeft UIInterfaceOrientationLandscapeRight";
				INFOPLIST_KEY_UISupportedInterfaceOrientations_iPhone = "UIInterfaceOrientationPortrait UIInterfaceOrientationLandscapeLeft UIInterfaceOrientationLandscapeRight";
				LD_RUNPATH_SEARCH_PATHS = (
					"$(inherited)",
					"@executable_path/Frameworks",
				);
				MARKETING_VERSION = 1.0;
				PRODUCT_BUNDLE_IDENTIFIER = com.yurastico.Musistic;
				PRODUCT_NAME = "$(TARGET_NAME)";
				SWIFT_EMIT_LOC_STRINGS = YES;
				SWIFT_VERSION = 5.0;
				TARGETED_DEVICE_FAMILY = "1,2";
			};
			name = Release;
		};
/* End XCBuildConfiguration section */

/* Begin XCConfigurationList section */
		C5774B6A2B27E9D10089DA4A /* Build configuration list for PBXProject "Musistic" */ = {
			isa = XCConfigurationList;
			buildConfigurations = (
				C5774B7B2B27E9D30089DA4A /* Debug */,
				C5774B7C2B27E9D30089DA4A /* Release */,
			);
			defaultConfigurationIsVisible = 0;
			defaultConfigurationName = Release;
		};
		C5774B7D2B27E9D30089DA4A /* Build configuration list for PBXNativeTarget "Musistic" */ = {
			isa = XCConfigurationList;
			buildConfigurations = (
				C5774B7E2B27E9D30089DA4A /* Debug */,
				C5774B7F2B27E9D30089DA4A /* Release */,
			);
			defaultConfigurationIsVisible = 0;
			defaultConfigurationName = Release;
		};
/* End XCConfigurationList section */
	};
	rootObject = C5774B672B27E9D10089DA4A /* Project object */;
}
