// !$*UTF8*$!
{
	archiveVersion = 1;
	classes = {
	};
	objectVersion = 56;
	objects = {

/* Begin PBXBuildFile section */
		A99279252B55F52100D20E48 /* Endpoint.swift in Sources */ = {isa = PBXBuildFile; fileRef = A99279242B55F52100D20E48 /* Endpoint.swift */; };
		A99279272B55F6CB00D20E48 /* RequestMethod.swift in Sources */ = {isa = PBXBuildFile; fileRef = A99279262B55F6CB00D20E48 /* RequestMethod.swift */; };
		A99279292B55F75B00D20E48 /* HTTPClient.swift in Sources */ = {isa = PBXBuildFile; fileRef = A99279282B55F75B00D20E48 /* HTTPClient.swift */; };
		A992792B2B55F7AE00D20E48 /* RequestError.swift in Sources */ = {isa = PBXBuildFile; fileRef = A992792A2B55F7AE00D20E48 /* RequestError.swift */; };
		A992792E2B574EAB00D20E48 /* TokenEndpoint.swift in Sources */ = {isa = PBXBuildFile; fileRef = A992792D2B574EAB00D20E48 /* TokenEndpoint.swift */; };
		A99279302B57538300D20E48 /* AuthorizeUserEndpoint.swift in Sources */ = {isa = PBXBuildFile; fileRef = A992792F2B57538300D20E48 /* AuthorizeUserEndpoint.swift */; };
		A99279322B57BE6400D20E48 /* SpotifyBaseURL.swift in Sources */ = {isa = PBXBuildFile; fileRef = A99279312B57BE6400D20E48 /* SpotifyBaseURL.swift */; };
		A99279342B57C0CD00D20E48 /* SpotifyConstants.swift in Sources */ = {isa = PBXBuildFile; fileRef = A99279332B57C0CD00D20E48 /* SpotifyConstants.swift */; };
		A99279392B57C5CB00D20E48 /* GetCode.swift in Sources */ = {isa = PBXBuildFile; fileRef = A99279382B57C5CB00D20E48 /* GetCode.swift */; };
		A992793C2B5939B600D20E48 /* AuthenticationService.swift in Sources */ = {isa = PBXBuildFile; fileRef = A992793B2B5939B600D20E48 /* AuthenticationService.swift */; };
		A992793F2B5939E700D20E48 /* AccessTokenResponse.swift in Sources */ = {isa = PBXBuildFile; fileRef = A992793E2B5939E700D20E48 /* AccessTokenResponse.swift */; };
		C570BE552B2DB97A006E7536 /* MusicItemRow.swift in Sources */ = {isa = PBXBuildFile; fileRef = C570BE542B2DB97A006E7536 /* MusicItemRow.swift */; };
		C570BE5F2B2E4C13006E7536 /* GetTopResponse.swift in Sources */ = {isa = PBXBuildFile; fileRef = C570BE5E2B2E4C13006E7536 /* GetTopResponse.swift */; };
		C570BE612B2E4C24006E7536 /* Track.swift in Sources */ = {isa = PBXBuildFile; fileRef = C570BE602B2E4C24006E7536 /* Track.swift */; };
		C570BE632B2E4C57006E7536 /* APIImage.swift in Sources */ = {isa = PBXBuildFile; fileRef = C570BE622B2E4C57006E7536 /* APIImage.swift */; };
		C570BE652B2E4CD8006E7536 /* Album.swift in Sources */ = {isa = PBXBuildFile; fileRef = C570BE642B2E4CD8006E7536 /* Album.swift */; };
		C570BE672B2E4CE7006E7536 /* Artist.swift in Sources */ = {isa = PBXBuildFile; fileRef = C570BE662B2E4CE7006E7536 /* Artist.swift */; };
		C570BE692B2E4D9D006E7536 /* Followers.swift in Sources */ = {isa = PBXBuildFile; fileRef = C570BE682B2E4D9D006E7536 /* Followers.swift */; };
		C570BE6B2B2E4DD2006E7536 /* ExternalURLs.swift in Sources */ = {isa = PBXBuildFile; fileRef = C570BE6A2B2E4DD2006E7536 /* ExternalURLs.swift */; };
		C570BE6D2B2E4DE8006E7536 /* ArtistType.swift in Sources */ = {isa = PBXBuildFile; fileRef = C570BE6C2B2E4DE8006E7536 /* ArtistType.swift */; };
		C570BE6F2B2E4DFA006E7536 /* ExternalIds.swift in Sources */ = {isa = PBXBuildFile; fileRef = C570BE6E2B2E4DFA006E7536 /* ExternalIds.swift */; };
		C570BE712B2E4E08006E7536 /* ItemType.swift in Sources */ = {isa = PBXBuildFile; fileRef = C570BE702B2E4E08006E7536 /* ItemType.swift */; };
		C570BE732B2E52D6006E7536 /* NavigationType.swift in Sources */ = {isa = PBXBuildFile; fileRef = C570BE722B2E52D6006E7536 /* NavigationType.swift */; };
		C570BE752B2E54B3006E7536 /* TopMusicDetail.swift in Sources */ = {isa = PBXBuildFile; fileRef = C570BE742B2E54B3006E7536 /* TopMusicDetail.swift */; };
		C570BE772B2E56BF006E7536 /* AsyncImageContainer.swift in Sources */ = {isa = PBXBuildFile; fileRef = C570BE762B2E56BF006E7536 /* AsyncImageContainer.swift */; };
		C5774B732B27E9D20089DA4A /* MusisticApp.swift in Sources */ = {isa = PBXBuildFile; fileRef = C5774B722B27E9D20089DA4A /* MusisticApp.swift */; };
		C5774B752B27E9D20089DA4A /* MainView.swift in Sources */ = {isa = PBXBuildFile; fileRef = C5774B742B27E9D20089DA4A /* MainView.swift */; };
		C5774B772B27E9D30089DA4A /* Assets.xcassets in Resources */ = {isa = PBXBuildFile; fileRef = C5774B762B27E9D30089DA4A /* Assets.xcassets */; };
		C5774B7A2B27E9D30089DA4A /* Preview Assets.xcassets in Resources */ = {isa = PBXBuildFile; fileRef = C5774B792B27E9D30089DA4A /* Preview Assets.xcassets */; };
		C5774B832B28AAF40089DA4A /* MusicsListView.swift in Sources */ = {isa = PBXBuildFile; fileRef = C5774B822B28AAF40089DA4A /* MusicsListView.swift */; };
		C5774B852B28AB420089DA4A /* ArtistsListView.swift in Sources */ = {isa = PBXBuildFile; fileRef = C5774B842B28AB420089DA4A /* ArtistsListView.swift */; };
		C5774B872B28AC0D0089DA4A /* SettingsView.swift in Sources */ = {isa = PBXBuildFile; fileRef = C5774B862B28AC0D0089DA4A /* SettingsView.swift */; };
		C5774B892B28B75F0089DA4A /* MyPlaylistsView.swift in Sources */ = {isa = PBXBuildFile; fileRef = C5774B882B28B75F0089DA4A /* MyPlaylistsView.swift */; };
		C5774B8B2B28E9C90089DA4A /* ContentListView.swift in Sources */ = {isa = PBXBuildFile; fileRef = C5774B8A2B28E9C90089DA4A /* ContentListView.swift */; };
		C5774B8E2B2937D70089DA4A /* LogInView.swift in Sources */ = {isa = PBXBuildFile; fileRef = C5774B8D2B2937D70089DA4A /* LogInView.swift */; };
		C596B6102B2947E7001A5F0B /* Bundle+decoder.swift in Sources */ = {isa = PBXBuildFile; fileRef = C596B60F2B2947E7001A5F0B /* Bundle+decoder.swift */; };
		C5CD98832B294A7C00799ECD /* track-mock.json in Resources */ = {isa = PBXBuildFile; fileRef = C5CD98822B294A7C00799ECD /* track-mock.json */; };
/* End PBXBuildFile section */

/* Begin PBXFileReference section */
		A99279242B55F52100D20E48 /* Endpoint.swift */ = {isa = PBXFileReference; lastKnownFileType = sourcecode.swift; path = Endpoint.swift; sourceTree = "<group>"; };
		A99279262B55F6CB00D20E48 /* RequestMethod.swift */ = {isa = PBXFileReference; lastKnownFileType = sourcecode.swift; path = RequestMethod.swift; sourceTree = "<group>"; };
		A99279282B55F75B00D20E48 /* HTTPClient.swift */ = {isa = PBXFileReference; lastKnownFileType = sourcecode.swift; path = HTTPClient.swift; sourceTree = "<group>"; };
		A992792A2B55F7AE00D20E48 /* RequestError.swift */ = {isa = PBXFileReference; lastKnownFileType = sourcecode.swift; path = RequestError.swift; sourceTree = "<group>"; };
		A992792D2B574EAB00D20E48 /* TokenEndpoint.swift */ = {isa = PBXFileReference; lastKnownFileType = sourcecode.swift; path = TokenEndpoint.swift; sourceTree = "<group>"; };
		A992792F2B57538300D20E48 /* AuthorizeUserEndpoint.swift */ = {isa = PBXFileReference; lastKnownFileType = sourcecode.swift; path = AuthorizeUserEndpoint.swift; sourceTree = "<group>"; };
		A99279312B57BE6400D20E48 /* SpotifyBaseURL.swift */ = {isa = PBXFileReference; lastKnownFileType = sourcecode.swift; path = SpotifyBaseURL.swift; sourceTree = "<group>"; };
		A99279332B57C0CD00D20E48 /* SpotifyConstants.swift */ = {isa = PBXFileReference; lastKnownFileType = sourcecode.swift; path = SpotifyConstants.swift; sourceTree = "<group>"; };
		A99279352B57C54B00D20E48 /* Info.plist */ = {isa = PBXFileReference; lastKnownFileType = text.plist; path = Info.plist; sourceTree = "<group>"; };
		A99279382B57C5CB00D20E48 /* GetCode.swift */ = {isa = PBXFileReference; lastKnownFileType = sourcecode.swift; path = GetCode.swift; sourceTree = "<group>"; };
		A992793B2B5939B600D20E48 /* AuthenticationService.swift */ = {isa = PBXFileReference; lastKnownFileType = sourcecode.swift; path = AuthenticationService.swift; sourceTree = "<group>"; };
		A992793E2B5939E700D20E48 /* AccessTokenResponse.swift */ = {isa = PBXFileReference; lastKnownFileType = sourcecode.swift; path = AccessTokenResponse.swift; sourceTree = "<group>"; };
		C570BE542B2DB97A006E7536 /* MusicItemRow.swift */ = {isa = PBXFileReference; lastKnownFileType = sourcecode.swift; path = MusicItemRow.swift; sourceTree = "<group>"; };
		C570BE5E2B2E4C13006E7536 /* GetTopResponse.swift */ = {isa = PBXFileReference; lastKnownFileType = sourcecode.swift; path = GetTopResponse.swift; sourceTree = "<group>"; };
		C570BE602B2E4C24006E7536 /* Track.swift */ = {isa = PBXFileReference; lastKnownFileType = sourcecode.swift; path = Track.swift; sourceTree = "<group>"; };
		C570BE622B2E4C57006E7536 /* APIImage.swift */ = {isa = PBXFileReference; lastKnownFileType = sourcecode.swift; path = APIImage.swift; sourceTree = "<group>"; };
		C570BE642B2E4CD8006E7536 /* Album.swift */ = {isa = PBXFileReference; lastKnownFileType = sourcecode.swift; path = Album.swift; sourceTree = "<group>"; };
		C570BE662B2E4CE7006E7536 /* Artist.swift */ = {isa = PBXFileReference; lastKnownFileType = sourcecode.swift; path = Artist.swift; sourceTree = "<group>"; };
		C570BE682B2E4D9D006E7536 /* Followers.swift */ = {isa = PBXFileReference; lastKnownFileType = sourcecode.swift; path = Followers.swift; sourceTree = "<group>"; };
		C570BE6A2B2E4DD2006E7536 /* ExternalURLs.swift */ = {isa = PBXFileReference; lastKnownFileType = sourcecode.swift; path = ExternalURLs.swift; sourceTree = "<group>"; };
		C570BE6C2B2E4DE8006E7536 /* ArtistType.swift */ = {isa = PBXFileReference; lastKnownFileType = sourcecode.swift; path = ArtistType.swift; sourceTree = "<group>"; };
		C570BE6E2B2E4DFA006E7536 /* ExternalIds.swift */ = {isa = PBXFileReference; lastKnownFileType = sourcecode.swift; path = ExternalIds.swift; sourceTree = "<group>"; };
		C570BE702B2E4E08006E7536 /* ItemType.swift */ = {isa = PBXFileReference; lastKnownFileType = sourcecode.swift; path = ItemType.swift; sourceTree = "<group>"; };
		C570BE722B2E52D6006E7536 /* NavigationType.swift */ = {isa = PBXFileReference; lastKnownFileType = sourcecode.swift; path = NavigationType.swift; sourceTree = "<group>"; };
		C570BE742B2E54B3006E7536 /* TopMusicDetail.swift */ = {isa = PBXFileReference; lastKnownFileType = sourcecode.swift; path = TopMusicDetail.swift; sourceTree = "<group>"; };
		C570BE762B2E56BF006E7536 /* AsyncImageContainer.swift */ = {isa = PBXFileReference; lastKnownFileType = sourcecode.swift; path = AsyncImageContainer.swift; sourceTree = "<group>"; };
		C5774B6F2B27E9D20089DA4A /* Musistic.app */ = {isa = PBXFileReference; explicitFileType = wrapper.application; includeInIndex = 0; path = Musistic.app; sourceTree = BUILT_PRODUCTS_DIR; };
		C5774B722B27E9D20089DA4A /* MusisticApp.swift */ = {isa = PBXFileReference; lastKnownFileType = sourcecode.swift; path = MusisticApp.swift; sourceTree = "<group>"; };
		C5774B742B27E9D20089DA4A /* MainView.swift */ = {isa = PBXFileReference; lastKnownFileType = sourcecode.swift; path = MainView.swift; sourceTree = "<group>"; };
		C5774B762B27E9D30089DA4A /* Assets.xcassets */ = {isa = PBXFileReference; lastKnownFileType = folder.assetcatalog; path = Assets.xcassets; sourceTree = "<group>"; };
		C5774B792B27E9D30089DA4A /* Preview Assets.xcassets */ = {isa = PBXFileReference; lastKnownFileType = folder.assetcatalog; path = "Preview Assets.xcassets"; sourceTree = "<group>"; };
		C5774B822B28AAF40089DA4A /* MusicsListView.swift */ = {isa = PBXFileReference; lastKnownFileType = sourcecode.swift; path = MusicsListView.swift; sourceTree = "<group>"; };
		C5774B842B28AB420089DA4A /* ArtistsListView.swift */ = {isa = PBXFileReference; lastKnownFileType = sourcecode.swift; path = ArtistsListView.swift; sourceTree = "<group>"; };
		C5774B862B28AC0D0089DA4A /* SettingsView.swift */ = {isa = PBXFileReference; lastKnownFileType = sourcecode.swift; path = SettingsView.swift; sourceTree = "<group>"; };
		C5774B882B28B75F0089DA4A /* MyPlaylistsView.swift */ = {isa = PBXFileReference; lastKnownFileType = sourcecode.swift; path = MyPlaylistsView.swift; sourceTree = "<group>"; };
		C5774B8A2B28E9C90089DA4A /* ContentListView.swift */ = {isa = PBXFileReference; lastKnownFileType = sourcecode.swift; path = ContentListView.swift; sourceTree = "<group>"; };
		C5774B8D2B2937D70089DA4A /* LogInView.swift */ = {isa = PBXFileReference; lastKnownFileType = sourcecode.swift; path = LogInView.swift; sourceTree = "<group>"; };
		C596B60F2B2947E7001A5F0B /* Bundle+decoder.swift */ = {isa = PBXFileReference; lastKnownFileType = sourcecode.swift; path = "Bundle+decoder.swift"; sourceTree = "<group>"; };
		C5CD98822B294A7C00799ECD /* track-mock.json */ = {isa = PBXFileReference; lastKnownFileType = text.json; path = "track-mock.json"; sourceTree = "<group>"; };
/* End PBXFileReference section */

/* Begin PBXFrameworksBuildPhase section */
		C5774B6C2B27E9D20089DA4A /* Frameworks */ = {
			isa = PBXFrameworksBuildPhase;
			buildActionMask = 2147483647;
			files = (
			);
			runOnlyForDeploymentPostprocessing = 0;
		};
/* End PBXFrameworksBuildPhase section */

/* Begin PBXGroup section */
		A99279202B55F46700D20E48 /* Networking */ = {
			isa = PBXGroup;
			children = (
				A992793A2B5939AB00D20E48 /* Services */,
				A99279362B57C5A100D20E48 /* TokenEndpoint */,
				A992792C2B574E9800D20E48 /* AuthenticationEndpoint */,
				A99279232B55F4EE00D20E48 /* Base */,
			);
			path = Networking;
			sourceTree = "<group>";
		};
		A99279232B55F4EE00D20E48 /* Base */ = {
			isa = PBXGroup;
			children = (
				A99279332B57C0CD00D20E48 /* SpotifyConstants.swift */,
				A99279242B55F52100D20E48 /* Endpoint.swift */,
				A99279262B55F6CB00D20E48 /* RequestMethod.swift */,
				A99279282B55F75B00D20E48 /* HTTPClient.swift */,
				A992792A2B55F7AE00D20E48 /* RequestError.swift */,
				A99279312B57BE6400D20E48 /* SpotifyBaseURL.swift */,
				A99279382B57C5CB00D20E48 /* GetCode.swift */,
			);
			path = Base;
			sourceTree = "<group>";
		};
		A992792C2B574E9800D20E48 /* AuthenticationEndpoint */ = {
			isa = PBXGroup;
			children = (
				A992792F2B57538300D20E48 /* AuthorizeUserEndpoint.swift */,
				A992792D2B574EAB00D20E48 /* TokenEndpoint.swift */,
			);
			path = AuthenticationEndpoint;
			sourceTree = "<group>";
		};
		A99279362B57C5A100D20E48 /* TokenEndpoint */ = {
			isa = PBXGroup;
			children = (
			);
			path = TokenEndpoint;
			sourceTree = "<group>";
		};
		A992793A2B5939AB00D20E48 /* Services */ = {
			isa = PBXGroup;
			children = (
				A992793B2B5939B600D20E48 /* AuthenticationService.swift */,
			);
			path = Services;
			sourceTree = "<group>";
		};
		C570BE562B2E496E006E7536 /* Login */ = {
			isa = PBXGroup;
			children = (
				C5774B8D2B2937D70089DA4A /* LogInView.swift */,
			);
			path = Login;
			sourceTree = "<group>";
		};
		C570BE572B2E4977006E7536 /* TopMusic */ = {
			isa = PBXGroup;
			children = (
				C5774B822B28AAF40089DA4A /* MusicsListView.swift */,
				C570BE542B2DB97A006E7536 /* MusicItemRow.swift */,
				C570BE742B2E54B3006E7536 /* TopMusicDetail.swift */,
			);
			path = TopMusic;
			sourceTree = "<group>";
		};
		C570BE582B2E498F006E7536 /* TopArtists */ = {
			isa = PBXGroup;
			children = (
				C5774B842B28AB420089DA4A /* ArtistsListView.swift */,
			);
			path = TopArtists;
			sourceTree = "<group>";
		};
		C570BE592B2E49A2006E7536 /* Settings */ = {
			isa = PBXGroup;
			children = (
				C5774B862B28AC0D0089DA4A /* SettingsView.swift */,
			);
			path = Settings;
			sourceTree = "<group>";
		};
		C570BE5A2B2E49B3006E7536 /* Playlists */ = {
			isa = PBXGroup;
			children = (
				C5774B882B28B75F0089DA4A /* MyPlaylistsView.swift */,
			);
			path = Playlists;
			sourceTree = "<group>";
		};
		C570BE5B2B2E4B9D006E7536 /* Components */ = {
			isa = PBXGroup;
			children = (
				C5774B8A2B28E9C90089DA4A /* ContentListView.swift */,
				C570BE762B2E56BF006E7536 /* AsyncImageContainer.swift */,
			);
			path = Components;
			sourceTree = "<group>";
		};
		C570BE5C2B2E4BB3006E7536 /* HomeView */ = {
			isa = PBXGroup;
			children = (
				C5774B742B27E9D20089DA4A /* MainView.swift */,
			);
			path = HomeView;
			sourceTree = "<group>";
		};
		C570BE5D2B2E4BC6006E7536 /* Models */ = {
			isa = PBXGroup;
			children = (
				C570BE682B2E4D9D006E7536 /* Followers.swift */,
				C570BE662B2E4CE7006E7536 /* Artist.swift */,
				C570BE642B2E4CD8006E7536 /* Album.swift */,
				C570BE622B2E4C57006E7536 /* APIImage.swift */,
				C570BE602B2E4C24006E7536 /* Track.swift */,
				C570BE5E2B2E4C13006E7536 /* GetTopResponse.swift */,
				C570BE702B2E4E08006E7536 /* ItemType.swift */,
				C570BE6E2B2E4DFA006E7536 /* ExternalIds.swift */,
				C570BE6C2B2E4DE8006E7536 /* ArtistType.swift */,
				C570BE6A2B2E4DD2006E7536 /* ExternalURLs.swift */,
				A992793E2B5939E700D20E48 /* AccessTokenResponse.swift */,
			);
			path = Models;
			sourceTree = "<group>";
		};
		C570BE782B2E5C0E006E7536 /* Navigation */ = {
			isa = PBXGroup;
			children = (
				C570BE722B2E52D6006E7536 /* NavigationType.swift */,
			);
			path = Navigation;
			sourceTree = "<group>";
		};
		C5774B662B27E9D10089DA4A = {
			isa = PBXGroup;
			children = (
				C5774B712B27E9D20089DA4A /* Musistic */,
				C5774B702B27E9D20089DA4A /* Products */,
			);
			sourceTree = "<group>";
		};
		C5774B702B27E9D20089DA4A /* Products */ = {
			isa = PBXGroup;
			children = (
				C5774B6F2B27E9D20089DA4A /* Musistic.app */,
			);
			name = Products;
			sourceTree = "<group>";
		};
		C5774B712B27E9D20089DA4A /* Musistic */ = {
			isa = PBXGroup;
			children = (
				A99279352B57C54B00D20E48 /* Info.plist */,
				A99279202B55F46700D20E48 /* Networking */,
				C570BE782B2E5C0E006E7536 /* Navigation */,
				C570BE5D2B2E4BC6006E7536 /* Models */,
				C5CD98822B294A7C00799ECD /* track-mock.json */,
				C596B60E2B2947DB001A5F0B /* Extensions */,
				C5774B8C2B2937C90089DA4A /* Views */,
				C5774B722B27E9D20089DA4A /* MusisticApp.swift */,
				C5774B782B27E9D30089DA4A /* Preview Content */,
				C5774B762B27E9D30089DA4A /* Assets.xcassets */,
			);
			path = Musistic;
			sourceTree = "<group>";
		};
		C5774B782B27E9D30089DA4A /* Preview Content */ = {
			isa = PBXGroup;
			children = (
				C5774B792B27E9D30089DA4A /* Preview Assets.xcassets */,
			);
			path = "Preview Content";
			sourceTree = "<group>";
		};
		C5774B8C2B2937C90089DA4A /* Views */ = {
			isa = PBXGroup;
			children = (
				C570BE5B2B2E4B9D006E7536 /* Components */,
				C570BE5A2B2E49B3006E7536 /* Playlists */,
				C570BE592B2E49A2006E7536 /* Settings */,
				C570BE582B2E498F006E7536 /* TopArtists */,
				C570BE572B2E4977006E7536 /* TopMusic */,
				C570BE562B2E496E006E7536 /* Login */,
				C570BE5C2B2E4BB3006E7536 /* HomeView */,
			);
			path = Views;
			sourceTree = "<group>";
		};
		C596B60E2B2947DB001A5F0B /* Extensions */ = {
			isa = PBXGroup;
			children = (
				C596B60F2B2947E7001A5F0B /* Bundle+decoder.swift */,
			);
			path = Extensions;
			sourceTree = "<group>";
		};
/* End PBXGroup section */

/* Begin PBXNativeTarget section */
		C5774B6E2B27E9D20089DA4A /* Musistic */ = {
			isa = PBXNativeTarget;
			buildConfigurationList = C5774B7D2B27E9D30089DA4A /* Build configuration list for PBXNativeTarget "Musistic" */;
			buildPhases = (
				C5774B6B2B27E9D20089DA4A /* Sources */,
				C5774B6C2B27E9D20089DA4A /* Frameworks */,
				C5774B6D2B27E9D20089DA4A /* Resources */,
			);
			buildRules = (
			);
			dependencies = (
			);
			name = Musistic;
			productName = Musistic;
			productReference = C5774B6F2B27E9D20089DA4A /* Musistic.app */;
			productType = "com.apple.product-type.application";
		};
/* End PBXNativeTarget section */

/* Begin PBXProject section */
		C5774B672B27E9D10089DA4A /* Project object */ = {
			isa = PBXProject;
			attributes = {
				BuildIndependentTargetsInParallel = 1;
				LastSwiftUpdateCheck = 1500;
				LastUpgradeCheck = 1500;
				TargetAttributes = {
					C5774B6E2B27E9D20089DA4A = {
						CreatedOnToolsVersion = 15.0.1;
					};
				};
			};
			buildConfigurationList = C5774B6A2B27E9D10089DA4A /* Build configuration list for PBXProject "Musistic" */;
			compatibilityVersion = "Xcode 14.0";
			developmentRegion = en;
			hasScannedForEncodings = 0;
			knownRegions = (
				en,
				Base,
			);
			mainGroup = C5774B662B27E9D10089DA4A;
			productRefGroup = C5774B702B27E9D20089DA4A /* Products */;
			projectDirPath = "";
			projectRoot = "";
			targets = (
				C5774B6E2B27E9D20089DA4A /* Musistic */,
			);
		};
/* End PBXProject section */

/* Begin PBXResourcesBuildPhase section */
		C5774B6D2B27E9D20089DA4A /* Resources */ = {
			isa = PBXResourcesBuildPhase;
			buildActionMask = 2147483647;
			files = (
				C5774B7A2B27E9D30089DA4A /* Preview Assets.xcassets in Resources */,
				C5774B772B27E9D30089DA4A /* Assets.xcassets in Resources */,
				C5CD98832B294A7C00799ECD /* track-mock.json in Resources */,
			);
			runOnlyForDeploymentPostprocessing = 0;
		};
/* End PBXResourcesBuildPhase section */

/* Begin PBXSourcesBuildPhase section */
		C5774B6B2B27E9D20089DA4A /* Sources */ = {
			isa = PBXSourcesBuildPhase;
			buildActionMask = 2147483647;
			files = (
				A992792B2B55F7AE00D20E48 /* RequestError.swift in Sources */,
				A99279272B55F6CB00D20E48 /* RequestMethod.swift in Sources */,
				C5774B892B28B75F0089DA4A /* MyPlaylistsView.swift in Sources */,
				C596B6102B2947E7001A5F0B /* Bundle+decoder.swift in Sources */,
				A992793F2B5939E700D20E48 /* AccessTokenResponse.swift in Sources */,
				A992792E2B574EAB00D20E48 /* TokenEndpoint.swift in Sources */,
				A99279342B57C0CD00D20E48 /* SpotifyConstants.swift in Sources */,
				C570BE6D2B2E4DE8006E7536 /* ArtistType.swift in Sources */,
				A99279292B55F75B00D20E48 /* HTTPClient.swift in Sources */,
				C5774B872B28AC0D0089DA4A /* SettingsView.swift in Sources */,
				C570BE6B2B2E4DD2006E7536 /* ExternalURLs.swift in Sources */,
				C570BE692B2E4D9D006E7536 /* Followers.swift in Sources */,
				C5774B752B27E9D20089DA4A /* MainView.swift in Sources */,
				C5774B852B28AB420089DA4A /* ArtistsListView.swift in Sources */,
				A99279392B57C5CB00D20E48 /* GetCode.swift in Sources */,
				C5774B832B28AAF40089DA4A /* MusicsListView.swift in Sources */,
				A992793C2B5939B600D20E48 /* AuthenticationService.swift in Sources */,
				C5774B8B2B28E9C90089DA4A /* ContentListView.swift in Sources */,
				C570BE752B2E54B3006E7536 /* TopMusicDetail.swift in Sources */,
				C570BE6F2B2E4DFA006E7536 /* ExternalIds.swift in Sources */,
				C570BE732B2E52D6006E7536 /* NavigationType.swift in Sources */,
				C5774B8E2B2937D70089DA4A /* LogInView.swift in Sources */,
				C570BE5F2B2E4C13006E7536 /* GetTopResponse.swift in Sources */,
				C570BE712B2E4E08006E7536 /* ItemType.swift in Sources */,
				C570BE612B2E4C24006E7536 /* Track.swift in Sources */,
				C5774B732B27E9D20089DA4A /* MusisticApp.swift in Sources */,
				C570BE632B2E4C57006E7536 /* APIImage.swift in Sources */,
				A99279302B57538300D20E48 /* AuthorizeUserEndpoint.swift in Sources */,
				C570BE552B2DB97A006E7536 /* MusicItemRow.swift in Sources */,
				C570BE672B2E4CE7006E7536 /* Artist.swift in Sources */,
				C570BE772B2E56BF006E7536 /* AsyncImageContainer.swift in Sources */,
				A99279322B57BE6400D20E48 /* SpotifyBaseURL.swift in Sources */,
				C570BE652B2E4CD8006E7536 /* Album.swift in Sources */,
				A99279252B55F52100D20E48 /* Endpoint.swift in Sources */,
			);
			runOnlyForDeploymentPostprocessing = 0;
		};
/* End PBXSourcesBuildPhase section */

/* Begin XCBuildConfiguration section */
		C5774B7B2B27E9D30089DA4A /* Debug */ = {
			isa = XCBuildConfiguration;
			buildSettings = {
				ALWAYS_SEARCH_USER_PATHS = NO;
				ASSETCATALOG_COMPILER_GENERATE_SWIFT_ASSET_SYMBOL_EXTENSIONS = YES;
				CLANG_ANALYZER_NONNULL = YES;
				CLANG_ANALYZER_NUMBER_OBJECT_CONVERSION = YES_AGGRESSIVE;
				CLANG_CXX_LANGUAGE_STANDARD = "gnu++20";
				CLANG_ENABLE_MODULES = YES;
				CLANG_ENABLE_OBJC_ARC = YES;
				CLANG_ENABLE_OBJC_WEAK = YES;
				CLANG_WARN_BLOCK_CAPTURE_AUTORELEASING = YES;
				CLANG_WARN_BOOL_CONVERSION = YES;
				CLANG_WARN_COMMA = YES;
				CLANG_WARN_CONSTANT_CONVERSION = YES;
				CLANG_WARN_DEPRECATED_OBJC_IMPLEMENTATIONS = YES;
				CLANG_WARN_DIRECT_OBJC_ISA_USAGE = YES_ERROR;
				CLANG_WARN_DOCUMENTATION_COMMENTS = YES;
				CLANG_WARN_EMPTY_BODY = YES;
				CLANG_WARN_ENUM_CONVERSION = YES;
				CLANG_WARN_INFINITE_RECURSION = YES;
				CLANG_WARN_INT_CONVERSION = YES;
				CLANG_WARN_NON_LITERAL_NULL_CONVERSION = YES;
				CLANG_WARN_OBJC_IMPLICIT_RETAIN_SELF = YES;
				CLANG_WARN_OBJC_LITERAL_CONVERSION = YES;
				CLANG_WARN_OBJC_ROOT_CLASS = YES_ERROR;
				CLANG_WARN_QUOTED_INCLUDE_IN_FRAMEWORK_HEADER = YES;
				CLANG_WARN_RANGE_LOOP_ANALYSIS = YES;
				CLANG_WARN_STRICT_PROTOTYPES = YES;
				CLANG_WARN_SUSPICIOUS_MOVE = YES;
				CLANG_WARN_UNGUARDED_AVAILABILITY = YES_AGGRESSIVE;
				CLANG_WARN_UNREACHABLE_CODE = YES;
				CLANG_WARN__DUPLICATE_METHOD_MATCH = YES;
				COPY_PHASE_STRIP = NO;
				DEBUG_INFORMATION_FORMAT = dwarf;
				ENABLE_STRICT_OBJC_MSGSEND = YES;
				ENABLE_TESTABILITY = YES;
				ENABLE_USER_SCRIPT_SANDBOXING = YES;
				GCC_C_LANGUAGE_STANDARD = gnu17;
				GCC_DYNAMIC_NO_PIC = NO;
				GCC_NO_COMMON_BLOCKS = YES;
				GCC_OPTIMIZATION_LEVEL = 0;
				GCC_PREPROCESSOR_DEFINITIONS = (
					"DEBUG=1",
					"$(inherited)",
				);
				GCC_WARN_64_TO_32_BIT_CONVERSION = YES;
				GCC_WARN_ABOUT_RETURN_TYPE = YES_ERROR;
				GCC_WARN_UNDECLARED_SELECTOR = YES;
				GCC_WARN_UNINITIALIZED_AUTOS = YES_AGGRESSIVE;
				GCC_WARN_UNUSED_FUNCTION = YES;
				GCC_WARN_UNUSED_VARIABLE = YES;
				IPHONEOS_DEPLOYMENT_TARGET = 17.0;
				LOCALIZATION_PREFERS_STRING_CATALOGS = YES;
				MTL_ENABLE_DEBUG_INFO = INCLUDE_SOURCE;
				MTL_FAST_MATH = YES;
				ONLY_ACTIVE_ARCH = YES;
				SDKROOT = iphoneos;
				SWIFT_ACTIVE_COMPILATION_CONDITIONS = "DEBUG $(inherited)";
				SWIFT_OPTIMIZATION_LEVEL = "-Onone";
			};
			name = Debug;
		};
		C5774B7C2B27E9D30089DA4A /* Release */ = {
			isa = XCBuildConfiguration;
			buildSettings = {
				ALWAYS_SEARCH_USER_PATHS = NO;
				ASSETCATALOG_COMPILER_GENERATE_SWIFT_ASSET_SYMBOL_EXTENSIONS = YES;
				CLANG_ANALYZER_NONNULL = YES;
				CLANG_ANALYZER_NUMBER_OBJECT_CONVERSION = YES_AGGRESSIVE;
				CLANG_CXX_LANGUAGE_STANDARD = "gnu++20";
				CLANG_ENABLE_MODULES = YES;
				CLANG_ENABLE_OBJC_ARC = YES;
				CLANG_ENABLE_OBJC_WEAK = YES;
				CLANG_WARN_BLOCK_CAPTURE_AUTORELEASING = YES;
				CLANG_WARN_BOOL_CONVERSION = YES;
				CLANG_WARN_COMMA = YES;
				CLANG_WARN_CONSTANT_CONVERSION = YES;
				CLANG_WARN_DEPRECATED_OBJC_IMPLEMENTATIONS = YES;
				CLANG_WARN_DIRECT_OBJC_ISA_USAGE = YES_ERROR;
				CLANG_WARN_DOCUMENTATION_COMMENTS = YES;
				CLANG_WARN_EMPTY_BODY = YES;
				CLANG_WARN_ENUM_CONVERSION = YES;
				CLANG_WARN_INFINITE_RECURSION = YES;
				CLANG_WARN_INT_CONVERSION = YES;
				CLANG_WARN_NON_LITERAL_NULL_CONVERSION = YES;
				CLANG_WARN_OBJC_IMPLICIT_RETAIN_SELF = YES;
				CLANG_WARN_OBJC_LITERAL_CONVERSION = YES;
				CLANG_WARN_OBJC_ROOT_CLASS = YES_ERROR;
				CLANG_WARN_QUOTED_INCLUDE_IN_FRAMEWORK_HEADER = YES;
				CLANG_WARN_RANGE_LOOP_ANALYSIS = YES;
				CLANG_WARN_STRICT_PROTOTYPES = YES;
				CLANG_WARN_SUSPICIOUS_MOVE = YES;
				CLANG_WARN_UNGUARDED_AVAILABILITY = YES_AGGRESSIVE;
				CLANG_WARN_UNREACHABLE_CODE = YES;
				CLANG_WARN__DUPLICATE_METHOD_MATCH = YES;
				COPY_PHASE_STRIP = NO;
				DEBUG_INFORMATION_FORMAT = "dwarf-with-dsym";
				ENABLE_NS_ASSERTIONS = NO;
				ENABLE_STRICT_OBJC_MSGSEND = YES;
				ENABLE_USER_SCRIPT_SANDBOXING = YES;
				GCC_C_LANGUAGE_STANDARD = gnu17;
				GCC_NO_COMMON_BLOCKS = YES;
				GCC_WARN_64_TO_32_BIT_CONVERSION = YES;
				GCC_WARN_ABOUT_RETURN_TYPE = YES_ERROR;
				GCC_WARN_UNDECLARED_SELECTOR = YES;
				GCC_WARN_UNINITIALIZED_AUTOS = YES_AGGRESSIVE;
				GCC_WARN_UNUSED_FUNCTION = YES;
				GCC_WARN_UNUSED_VARIABLE = YES;
				IPHONEOS_DEPLOYMENT_TARGET = 17.0;
				LOCALIZATION_PREFERS_STRING_CATALOGS = YES;
				MTL_ENABLE_DEBUG_INFO = NO;
				MTL_FAST_MATH = YES;
				SDKROOT = iphoneos;
				SWIFT_COMPILATION_MODE = wholemodule;
				VALIDATE_PRODUCT = YES;
			};
			name = Release;
		};
		C5774B7E2B27E9D30089DA4A /* Debug */ = {
			isa = XCBuildConfiguration;
			buildSettings = {
				ASSETCATALOG_COMPILER_APPICON_NAME = AppIcon;
				ASSETCATALOG_COMPILER_GLOBAL_ACCENT_COLOR_NAME = AccentColor;
				CODE_SIGN_STYLE = Automatic;
				CURRENT_PROJECT_VERSION = 1;
				DEVELOPMENT_ASSET_PATHS = "\"Musistic/Preview Content\"";
				DEVELOPMENT_TEAM = DWNX563SG6;
				ENABLE_PREVIEWS = YES;
				GENERATE_INFOPLIST_FILE = YES;
				INFOPLIST_FILE = Musistic/Info.plist;
				INFOPLIST_KEY_UIApplicationSceneManifest_Generation = YES;
				INFOPLIST_KEY_UIApplicationSupportsIndirectInputEvents = YES;
				INFOPLIST_KEY_UILaunchScreen_Generation = YES;
				INFOPLIST_KEY_UISupportedInterfaceOrientations_iPad = "UIInterfaceOrientationPortrait UIInterfaceOrientationPortraitUpsideDown UIInterfaceOrientationLandscapeLeft UIInterfaceOrientationLandscapeRight";
				INFOPLIST_KEY_UISupportedInterfaceOrientations_iPhone = "UIInterfaceOrientationPortrait UIInterfaceOrientationLandscapeLeft UIInterfaceOrientationLandscapeRight";
				LD_RUNPATH_SEARCH_PATHS = (
					"$(inherited)",
					"@executable_path/Frameworks",
				);
				MARKETING_VERSION = 1.0;
				PRODUCT_BUNDLE_IDENTIFIER = com.yurastico.Musistic;
				PRODUCT_NAME = "$(TARGET_NAME)";
				SWIFT_EMIT_LOC_STRINGS = YES;
				SWIFT_VERSION = 5.0;
				TARGETED_DEVICE_FAMILY = "1,2";
			};
			name = Debug;
		};
		C5774B7F2B27E9D30089DA4A /* Release */ = {
			isa = XCBuildConfiguration;
			buildSettings = {
				ASSETCATALOG_COMPILER_APPICON_NAME = AppIcon;
				ASSETCATALOG_COMPILER_GLOBAL_ACCENT_COLOR_NAME = AccentColor;
				CODE_SIGN_STYLE = Automatic;
				CURRENT_PROJECT_VERSION = 1;
				DEVELOPMENT_ASSET_PATHS = "\"Musistic/Preview Content\"";
				DEVELOPMENT_TEAM = DWNX563SG6;
				ENABLE_PREVIEWS = YES;
				GENERATE_INFOPLIST_FILE = YES;
				INFOPLIST_FILE = Musistic/Info.plist;
				INFOPLIST_KEY_UIApplicationSceneManifest_Generation = YES;
				INFOPLIST_KEY_UIApplicationSupportsIndirectInputEvents = YES;
				INFOPLIST_KEY_UILaunchScreen_Generation = YES;
				INFOPLIST_KEY_UISupportedInterfaceOrientations_iPad = "UIInterfaceOrientationPortrait UIInterfaceOrientationPortraitUpsideDown UIInterfaceOrientationLandscapeLeft UIInterfaceOrientationLandscapeRight";
				INFOPLIST_KEY_UISupportedInterfaceOrientations_iPhone = "UIInterfaceOrientationPortrait UIInterfaceOrientationLandscapeLeft UIInterfaceOrientationLandscapeRight";
				LD_RUNPATH_SEARCH_PATHS = (
					"$(inherited)",
					"@executable_path/Frameworks",
				);
				MARKETING_VERSION = 1.0;
				PRODUCT_BUNDLE_IDENTIFIER = com.yurastico.Musistic;
				PRODUCT_NAME = "$(TARGET_NAME)";
				SWIFT_EMIT_LOC_STRINGS = YES;
				SWIFT_VERSION = 5.0;
				TARGETED_DEVICE_FAMILY = "1,2";
			};
			name = Release;
		};
/* End XCBuildConfiguration section */

/* Begin XCConfigurationList section */
		C5774B6A2B27E9D10089DA4A /* Build configuration list for PBXProject "Musistic" */ = {
			isa = XCConfigurationList;
			buildConfigurations = (
				C5774B7B2B27E9D30089DA4A /* Debug */,
				C5774B7C2B27E9D30089DA4A /* Release */,
			);
			defaultConfigurationIsVisible = 0;
			defaultConfigurationName = Release;
		};
		C5774B7D2B27E9D30089DA4A /* Build configuration list for PBXNativeTarget "Musistic" */ = {
			isa = XCConfigurationList;
			buildConfigurations = (
				C5774B7E2B27E9D30089DA4A /* Debug */,
				C5774B7F2B27E9D30089DA4A /* Release */,
			);
			defaultConfigurationIsVisible = 0;
			defaultConfigurationName = Release;
		};
/* End XCConfigurationList section */
	};
	rootObject = C5774B672B27E9D10089DA4A /* Project object */;
}
